// !$*UTF8*$!
{
	archiveVersion = 1;
	classes = {
	};
	objectVersion = 46;
	objects = {

/* Begin PBXBuildFile section */
		07D0AD9117A1B92900C1AE3F /* JSONKit.m in Sources */ = {isa = PBXBuildFile; fileRef = 07D0ACD917A1B92900C1AE3F /* JSONKit.m */; };
		07D0AD9217A1B92900C1AE3F /* NSData+Base64.m in Sources */ = {isa = PBXBuildFile; fileRef = 07D0ACDB17A1B92900C1AE3F /* NSData+Base64.m */; };
		07D0AD9317A1B92900C1AE3F /* NSString+Base64.m in Sources */ = {isa = PBXBuildFile; fileRef = 07D0ACDD17A1B92900C1AE3F /* NSString+Base64.m */; };
		07D0AD9417A1B92900C1AE3F /* TMBChoreography.m in Sources */ = {isa = PBXBuildFile; fileRef = 07D0ACDF17A1B92900C1AE3F /* TMBChoreography.m */; };
		07D0AD9517A1B92900C1AE3F /* TMBChoreographyExecution.m in Sources */ = {isa = PBXBuildFile; fileRef = 07D0ACE117A1B92900C1AE3F /* TMBChoreographyExecution.m */; };
		07D0AD9617A1B92900C1AE3F /* TMBException.m in Sources */ = {isa = PBXBuildFile; fileRef = 07D0ACE317A1B92900C1AE3F /* TMBException.m */; };
		07D0AD9717A1B92900C1AE3F /* TMBTembooResource.m in Sources */ = {isa = PBXBuildFile; fileRef = 07D0ACE517A1B92900C1AE3F /* TMBTembooResource.m */; };
		07D0AD9817A1B92900C1AE3F /* TMBTembooSession.m in Sources */ = {isa = PBXBuildFile; fileRef = 07D0ACE717A1B92900C1AE3F /* TMBTembooSession.m */; };
		07D0AD9917A1B92900C1AE3F /* TMBTembooUri.m in Sources */ = {isa = PBXBuildFile; fileRef = 07D0ACE917A1B92900C1AE3F /* TMBTembooUri.m */; };
		07D0AD9A17A1B92900C1AE3F /* TMBUtil.m in Sources */ = {isa = PBXBuildFile; fileRef = 07D0ACEB17A1B92900C1AE3F /* TMBUtil.m */; };
		07D0AD9B17A1B92900C1AE3F /* TMB23andMe.m in Sources */ = {isa = PBXBuildFile; fileRef = 07D0ACEE17A1B92900C1AE3F /* TMB23andMe.m */; };
		07D0AD9C17A1B92900C1AE3F /* TMB37Signals.m in Sources */ = {isa = PBXBuildFile; fileRef = 07D0ACF017A1B92900C1AE3F /* TMB37Signals.m */; };
		07D0AD9D17A1B92900C1AE3F /* TMBAdMob.m in Sources */ = {isa = PBXBuildFile; fileRef = 07D0ACF217A1B92900C1AE3F /* TMBAdMob.m */; };
		07D0AD9E17A1B92900C1AE3F /* TMBAmazon.m in Sources */ = {isa = PBXBuildFile; fileRef = 07D0ACF417A1B92900C1AE3F /* TMBAmazon.m */; };
		07D0AD9F17A1B92900C1AE3F /* TMBAuthorizeNet.m in Sources */ = {isa = PBXBuildFile; fileRef = 07D0ACF617A1B92900C1AE3F /* TMBAuthorizeNet.m */; };
		07D0ADA017A1B92900C1AE3F /* TMBBitly.m in Sources */ = {isa = PBXBuildFile; fileRef = 07D0ACF817A1B92900C1AE3F /* TMBBitly.m */; };
		07D0ADA117A1B92900C1AE3F /* TMBBox.m in Sources */ = {isa = PBXBuildFile; fileRef = 07D0ACFA17A1B92900C1AE3F /* TMBBox.m */; };
		07D0ADA217A1B92900C1AE3F /* TMBBrighterPlanet.m in Sources */ = {isa = PBXBuildFile; fileRef = 07D0ACFC17A1B92900C1AE3F /* TMBBrighterPlanet.m */; };
		07D0ADA317A1B92900C1AE3F /* TMBBugzilla.m in Sources */ = {isa = PBXBuildFile; fileRef = 07D0ACFE17A1B92900C1AE3F /* TMBBugzilla.m */; };
		07D0ADA417A1B92900C1AE3F /* TMBClicky.m in Sources */ = {isa = PBXBuildFile; fileRef = 07D0AD0017A1B92900C1AE3F /* TMBClicky.m */; };
		07D0ADA517A1B92900C1AE3F /* TMBCloudMine.m in Sources */ = {isa = PBXBuildFile; fileRef = 07D0AD0217A1B92900C1AE3F /* TMBCloudMine.m */; };
		07D0ADA617A1B92900C1AE3F /* TMBConstantContact.m in Sources */ = {isa = PBXBuildFile; fileRef = 07D0AD0417A1B92900C1AE3F /* TMBConstantContact.m */; };
		07D0ADA717A1B92900C1AE3F /* TMBCorpWatch.m in Sources */ = {isa = PBXBuildFile; fileRef = 07D0AD0617A1B92900C1AE3F /* TMBCorpWatch.m */; };
		07D0ADA817A1B92900C1AE3F /* TMBDailyMed.m in Sources */ = {isa = PBXBuildFile; fileRef = 07D0AD0817A1B92900C1AE3F /* TMBDailyMed.m */; };
		07D0ADA917A1B92900C1AE3F /* TMBDataGov.m in Sources */ = {isa = PBXBuildFile; fileRef = 07D0AD0A17A1B92900C1AE3F /* TMBDataGov.m */; };
		07D0ADAA17A1B92900C1AE3F /* TMBDelicious.m in Sources */ = {isa = PBXBuildFile; fileRef = 07D0AD0C17A1B92900C1AE3F /* TMBDelicious.m */; };
		07D0ADAB17A1B92900C1AE3F /* TMBDeptOfEducation.m in Sources */ = {isa = PBXBuildFile; fileRef = 07D0AD0E17A1B92900C1AE3F /* TMBDeptOfEducation.m */; };
		07D0ADAC17A1B92900C1AE3F /* TMBDisqus.m in Sources */ = {isa = PBXBuildFile; fileRef = 07D0AD1017A1B92900C1AE3F /* TMBDisqus.m */; };
		07D0ADAD17A1B92900C1AE3F /* TMBDonorsChoose.m in Sources */ = {isa = PBXBuildFile; fileRef = 07D0AD1217A1B92900C1AE3F /* TMBDonorsChoose.m */; };
		07D0ADAE17A1B92900C1AE3F /* TMBDropbox.m in Sources */ = {isa = PBXBuildFile; fileRef = 07D0AD1417A1B92900C1AE3F /* TMBDropbox.m */; };
		07D0ADAF17A1B92900C1AE3F /* TMBDuckDuckGo.m in Sources */ = {isa = PBXBuildFile; fileRef = 07D0AD1617A1B92900C1AE3F /* TMBDuckDuckGo.m */; };
		07D0ADB017A1B92900C1AE3F /* TMBDwolla.m in Sources */ = {isa = PBXBuildFile; fileRef = 07D0AD1817A1B92900C1AE3F /* TMBDwolla.m */; };
		07D0ADB117A1B92900C1AE3F /* TMBEnviroFacts.m in Sources */ = {isa = PBXBuildFile; fileRef = 07D0AD1A17A1B92900C1AE3F /* TMBEnviroFacts.m */; };
		07D0ADB217A1B92900C1AE3F /* TMBFacebook.m in Sources */ = {isa = PBXBuildFile; fileRef = 07D0AD1C17A1B92900C1AE3F /* TMBFacebook.m */; };
		07D0ADB317A1B92900C1AE3F /* TMBFactual.m in Sources */ = {isa = PBXBuildFile; fileRef = 07D0AD1E17A1B92900C1AE3F /* TMBFactual.m */; };
		07D0ADB417A1B92900C1AE3F /* TMBFedEx.m in Sources */ = {isa = PBXBuildFile; fileRef = 07D0AD2017A1B92900C1AE3F /* TMBFedEx.m */; };
		07D0ADB517A1B92900C1AE3F /* TMBFedSpending.m in Sources */ = {isa = PBXBuildFile; fileRef = 07D0AD2217A1B92900C1AE3F /* TMBFedSpending.m */; };
		07D0ADB617A1B92900C1AE3F /* TMBFilesAnywhere.m in Sources */ = {isa = PBXBuildFile; fileRef = 07D0AD2417A1B92900C1AE3F /* TMBFilesAnywhere.m */; };
		07D0ADB717A1B92900C1AE3F /* TMBFitbit.m in Sources */ = {isa = PBXBuildFile; fileRef = 07D0AD2617A1B92900C1AE3F /* TMBFitbit.m */; };
		07D0ADB817A1B92900C1AE3F /* TMBFlickr.m in Sources */ = {isa = PBXBuildFile; fileRef = 07D0AD2817A1B92900C1AE3F /* TMBFlickr.m */; };
		07D0ADB917A1B92900C1AE3F /* TMBFoursquare.m in Sources */ = {isa = PBXBuildFile; fileRef = 07D0AD2A17A1B92900C1AE3F /* TMBFoursquare.m */; };
		07D0ADBA17A1B92900C1AE3F /* TMBFreebase.m in Sources */ = {isa = PBXBuildFile; fileRef = 07D0AD2C17A1B92900C1AE3F /* TMBFreebase.m */; };
		07D0ADBB17A1B92900C1AE3F /* TMBGenability.m in Sources */ = {isa = PBXBuildFile; fileRef = 07D0AD2E17A1B92900C1AE3F /* TMBGenability.m */; };
		07D0ADBC17A1B92900C1AE3F /* TMBGitHub.m in Sources */ = {isa = PBXBuildFile; fileRef = 07D0AD3017A1B92900C1AE3F /* TMBGitHub.m */; };
		07D0ADBD17A1B92900C1AE3F /* TMBGoodGuide.m in Sources */ = {isa = PBXBuildFile; fileRef = 07D0AD3217A1B92900C1AE3F /* TMBGoodGuide.m */; };
		07D0ADBE17A1B92900C1AE3F /* TMBGoogle.m in Sources */ = {isa = PBXBuildFile; fileRef = 07D0AD3417A1B92900C1AE3F /* TMBGoogle.m */; };
		07D0ADBF17A1B92900C1AE3F /* TMBGovTrack.m in Sources */ = {isa = PBXBuildFile; fileRef = 07D0AD3617A1B92900C1AE3F /* TMBGovTrack.m */; };
		07D0ADC017A1B92900C1AE3F /* TMBInfluenceExplorer.m in Sources */ = {isa = PBXBuildFile; fileRef = 07D0AD3817A1B92900C1AE3F /* TMBInfluenceExplorer.m */; };
		07D0ADC117A1B92900C1AE3F /* TMBInstagram.m in Sources */ = {isa = PBXBuildFile; fileRef = 07D0AD3A17A1B92900C1AE3F /* TMBInstagram.m */; };
		07D0ADC217A1B92900C1AE3F /* TMBInstapaper.m in Sources */ = {isa = PBXBuildFile; fileRef = 07D0AD3C17A1B92900C1AE3F /* TMBInstapaper.m */; };
		07D0ADC317A1B92900C1AE3F /* TMBKhanAcademy.m in Sources */ = {isa = PBXBuildFile; fileRef = 07D0AD3E17A1B92900C1AE3F /* TMBKhanAcademy.m */; };
		07D0ADC417A1B92900C1AE3F /* TMBKiva.m in Sources */ = {isa = PBXBuildFile; fileRef = 07D0AD4017A1B92900C1AE3F /* TMBKiva.m */; };
		07D0ADC517A1B92900C1AE3F /* TMBKlout.m in Sources */ = {isa = PBXBuildFile; fileRef = 07D0AD4217A1B92900C1AE3F /* TMBKlout.m */; };
		07D0ADC617A1B92900C1AE3F /* TMBLabs.m in Sources */ = {isa = PBXBuildFile; fileRef = 07D0AD4417A1B92900C1AE3F /* TMBLabs.m */; };
		07D0ADC717A1B92900C1AE3F /* TMBLastFm.m in Sources */ = {isa = PBXBuildFile; fileRef = 07D0AD4617A1B92900C1AE3F /* TMBLastFm.m */; };
		07D0ADC817A1B92900C1AE3F /* TMBLinkedIn.m in Sources */ = {isa = PBXBuildFile; fileRef = 07D0AD4817A1B92900C1AE3F /* TMBLinkedIn.m */; };
		07D0ADC917A1B92900C1AE3F /* TMBLittleSis.m in Sources */ = {isa = PBXBuildFile; fileRef = 07D0AD4A17A1B92900C1AE3F /* TMBLittleSis.m */; };
		07D0ADCA17A1B92900C1AE3F /* TMBMailChimp.m in Sources */ = {isa = PBXBuildFile; fileRef = 07D0AD4C17A1B92900C1AE3F /* TMBMailChimp.m */; };
		07D0ADCB17A1B92900C1AE3F /* TMBMySQL.m in Sources */ = {isa = PBXBuildFile; fileRef = 07D0AD4E17A1B92900C1AE3F /* TMBMySQL.m */; };
		07D0ADCC17A1B92900C1AE3F /* TMBNetflix.m in Sources */ = {isa = PBXBuildFile; fileRef = 07D0AD5017A1B92900C1AE3F /* TMBNetflix.m */; };
		07D0ADCD17A1B92900C1AE3F /* TMBNOAA.m in Sources */ = {isa = PBXBuildFile; fileRef = 07D0AD5217A1B92900C1AE3F /* TMBNOAA.m */; };
		07D0ADCE17A1B92900C1AE3F /* TMBNPR.m in Sources */ = {isa = PBXBuildFile; fileRef = 07D0AD5417A1B92900C1AE3F /* TMBNPR.m */; };
		07D0ADCF17A1B92900C1AE3F /* TMBNYTimes.m in Sources */ = {isa = PBXBuildFile; fileRef = 07D0AD5617A1B92900C1AE3F /* TMBNYTimes.m */; };
		07D0ADD017A1B92900C1AE3F /* TMBObadMobileMarketing.m in Sources */ = {isa = PBXBuildFile; fileRef = 07D0AD5817A1B92900C1AE3F /* TMBObadMobileMarketing.m */; };
		07D0ADD117A1B92900C1AE3F /* TMBOneLogin.m in Sources */ = {isa = PBXBuildFile; fileRef = 07D0AD5A17A1B92900C1AE3F /* TMBOneLogin.m */; };
		07D0ADD217A1B92900C1AE3F /* TMBParse.m in Sources */ = {isa = PBXBuildFile; fileRef = 07D0AD5C17A1B92900C1AE3F /* TMBParse.m */; };
		07D0ADD317A1B92900C1AE3F /* TMBPatch.m in Sources */ = {isa = PBXBuildFile; fileRef = 07D0AD5E17A1B92900C1AE3F /* TMBPatch.m */; };
		07D0ADD417A1B92900C1AE3F /* TMBPayPal.m in Sources */ = {isa = PBXBuildFile; fileRef = 07D0AD6017A1B92900C1AE3F /* TMBPayPal.m */; };
		07D0ADD517A1B92900C1AE3F /* TMBPostgreSQL.m in Sources */ = {isa = PBXBuildFile; fileRef = 07D0AD6217A1B92900C1AE3F /* TMBPostgreSQL.m */; };
		07D0ADD617A1B92900C1AE3F /* TMBRapidShare.m in Sources */ = {isa = PBXBuildFile; fileRef = 07D0AD6417A1B92900C1AE3F /* TMBRapidShare.m */; };
		07D0ADD717A1B92900C1AE3F /* TMBRightScale.m in Sources */ = {isa = PBXBuildFile; fileRef = 07D0AD6617A1B92900C1AE3F /* TMBRightScale.m */; };
		07D0ADD817A1B92900C1AE3F /* TMBRunKeeper.m in Sources */ = {isa = PBXBuildFile; fileRef = 07D0AD6817A1B92900C1AE3F /* TMBRunKeeper.m */; };
		07D0ADD917A1B92900C1AE3F /* TMBSalesforce.m in Sources */ = {isa = PBXBuildFile; fileRef = 07D0AD6A17A1B92900C1AE3F /* TMBSalesforce.m */; };
		07D0ADDA17A1B92900C1AE3F /* TMBSchoolFinder.m in Sources */ = {isa = PBXBuildFile; fileRef = 07D0AD6C17A1B92900C1AE3F /* TMBSchoolFinder.m */; };
		07D0ADDB17A1B92900C1AE3F /* TMBSendGrid.m in Sources */ = {isa = PBXBuildFile; fileRef = 07D0AD6E17A1B92900C1AE3F /* TMBSendGrid.m */; };
		07D0ADDC17A1B92900C1AE3F /* TMBSocrata.m in Sources */ = {isa = PBXBuildFile; fileRef = 07D0AD7017A1B92900C1AE3F /* TMBSocrata.m */; };
		07D0ADDD17A1B92900C1AE3F /* TMBStripe.m in Sources */ = {isa = PBXBuildFile; fileRef = 07D0AD7217A1B92900C1AE3F /* TMBStripe.m */; };
		07D0ADDE17A1B92900C1AE3F /* TMBSunlightLabs.m in Sources */ = {isa = PBXBuildFile; fileRef = 07D0AD7417A1B92900C1AE3F /* TMBSunlightLabs.m */; };
		07D0ADDF17A1B92900C1AE3F /* TMBTumblr.m in Sources */ = {isa = PBXBuildFile; fileRef = 07D0AD7617A1B92900C1AE3F /* TMBTumblr.m */; };
		07D0ADE017A1B92900C1AE3F /* TMBTwilio.m in Sources */ = {isa = PBXBuildFile; fileRef = 07D0AD7817A1B92900C1AE3F /* TMBTwilio.m */; };
		07D0ADE117A1B92900C1AE3F /* TMBTwitter.m in Sources */ = {isa = PBXBuildFile; fileRef = 07D0AD7A17A1B92900C1AE3F /* TMBTwitter.m */; };
		07D0ADE217A1B92900C1AE3F /* TMBUnlockPlaces.m in Sources */ = {isa = PBXBuildFile; fileRef = 07D0AD7C17A1B92900C1AE3F /* TMBUnlockPlaces.m */; };
		07D0ADE317A1B92900C1AE3F /* TMBUSPS.m in Sources */ = {isa = PBXBuildFile; fileRef = 07D0AD7E17A1B92900C1AE3F /* TMBUSPS.m */; };
		07D0ADE417A1B92900C1AE3F /* TMBUtilities.m in Sources */ = {isa = PBXBuildFile; fileRef = 07D0AD8017A1B92900C1AE3F /* TMBUtilities.m */; };
		07D0ADE517A1B92900C1AE3F /* TMBWordnik.m in Sources */ = {isa = PBXBuildFile; fileRef = 07D0AD8217A1B92900C1AE3F /* TMBWordnik.m */; };
		07D0ADE617A1B92900C1AE3F /* TMBXively.m in Sources */ = {isa = PBXBuildFile; fileRef = 07D0AD8417A1B92900C1AE3F /* TMBXively.m */; };
		07D0ADE717A1B92900C1AE3F /* TMBYahoo.m in Sources */ = {isa = PBXBuildFile; fileRef = 07D0AD8617A1B92900C1AE3F /* TMBYahoo.m */; };
		07D0ADE817A1B92900C1AE3F /* TMBYelp.m in Sources */ = {isa = PBXBuildFile; fileRef = 07D0AD8817A1B92900C1AE3F /* TMBYelp.m */; };
		07D0ADE917A1B92900C1AE3F /* TMBYouTube.m in Sources */ = {isa = PBXBuildFile; fileRef = 07D0AD8A17A1B92900C1AE3F /* TMBYouTube.m */; };
		07D0ADEA17A1B92900C1AE3F /* TMBZendesk.m in Sources */ = {isa = PBXBuildFile; fileRef = 07D0AD8C17A1B92900C1AE3F /* TMBZendesk.m */; };
		07D0ADEB17A1B92900C1AE3F /* TMBZillow.m in Sources */ = {isa = PBXBuildFile; fileRef = 07D0AD8E17A1B92900C1AE3F /* TMBZillow.m */; };
		07D0ADEC17A1B92900C1AE3F /* TMBZoho.m in Sources */ = {isa = PBXBuildFile; fileRef = 07D0AD9017A1B92900C1AE3F /* TMBZoho.m */; };
		1D3623260D0F684500981E51 /* ExampleApplicationAppDelegate.m in Sources */ = {isa = PBXBuildFile; fileRef = 1D3623250D0F684500981E51 /* ExampleApplicationAppDelegate.m */; };
		1D60589F0D05DD5A006BFB54 /* Foundation.framework in Frameworks */ = {isa = PBXBuildFile; fileRef = 1D30AB110D05D00D00671497 /* Foundation.framework */; };
		1DF5F4E00D08C38300B7A737 /* UIKit.framework in Frameworks */ = {isa = PBXBuildFile; fileRef = 1DF5F4DF0D08C38300B7A737 /* UIKit.framework */; };
		28216C970DB411BC00E5133A /* NYTimesReviewSearchVC.m in Sources */ = {isa = PBXBuildFile; fileRef = 28216C960DB411BC00E5133A /* NYTimesReviewSearchVC.m */; };
		2840D7CE1179279E00D7F93C /* NYTimesReviewSearchVC.xib in Resources */ = {isa = PBXBuildFile; fileRef = 2840D7CD1179279E00D7F93C /* NYTimesReviewSearchVC.xib */; };
		288765080DF74369002DB57D /* CoreGraphics.framework in Frameworks */ = {isa = PBXBuildFile; fileRef = 288765070DF74369002DB57D /* CoreGraphics.framework */; };
		28AD73880D9D96C1002E5188 /* MainWindow.xib in Resources */ = {isa = PBXBuildFile; fileRef = 28AD73870D9D96C1002E5188 /* MainWindow.xib */; };
		B310E20C169E3FCB00864D3A /* YouTubeSearchTableVC.m in Sources */ = {isa = PBXBuildFile; fileRef = B310E20B169E3FCB00864D3A /* YouTubeSearchTableVC.m */; };
		B310E2B0169E587500864D3A /* YouTubeSearchTableVC.xib in Resources */ = {isa = PBXBuildFile; fileRef = B310E2AF169E587500864D3A /* YouTubeSearchTableVC.xib */; };
		B388AEB516A5D2FA00144222 /* main.m in Sources */ = {isa = PBXBuildFile; fileRef = B388AEB416A5D2FA00144222 /* main.m */; };
/* End PBXBuildFile section */

/* Begin PBXFileReference section */
		07D0ACD817A1B92900C1AE3F /* JSONKit.h */ = {isa = PBXFileReference; fileEncoding = 4; lastKnownFileType = sourcecode.c.h; path = JSONKit.h; sourceTree = "<group>"; };
		07D0ACD917A1B92900C1AE3F /* JSONKit.m */ = {isa = PBXFileReference; fileEncoding = 4; lastKnownFileType = sourcecode.c.objc; path = JSONKit.m; sourceTree = "<group>"; };
		07D0ACDA17A1B92900C1AE3F /* NSData+Base64.h */ = {isa = PBXFileReference; fileEncoding = 4; lastKnownFileType = sourcecode.c.h; path = "NSData+Base64.h"; sourceTree = "<group>"; };
		07D0ACDB17A1B92900C1AE3F /* NSData+Base64.m */ = {isa = PBXFileReference; fileEncoding = 4; lastKnownFileType = sourcecode.c.objc; path = "NSData+Base64.m"; sourceTree = "<group>"; };
		07D0ACDC17A1B92900C1AE3F /* NSString+Base64.h */ = {isa = PBXFileReference; fileEncoding = 4; lastKnownFileType = sourcecode.c.h; path = "NSString+Base64.h"; sourceTree = "<group>"; };
		07D0ACDD17A1B92900C1AE3F /* NSString+Base64.m */ = {isa = PBXFileReference; fileEncoding = 4; lastKnownFileType = sourcecode.c.objc; path = "NSString+Base64.m"; sourceTree = "<group>"; };
		07D0ACDE17A1B92900C1AE3F /* TMBChoreography.h */ = {isa = PBXFileReference; fileEncoding = 4; lastKnownFileType = sourcecode.c.h; path = TMBChoreography.h; sourceTree = "<group>"; };
		07D0ACDF17A1B92900C1AE3F /* TMBChoreography.m */ = {isa = PBXFileReference; fileEncoding = 4; lastKnownFileType = sourcecode.c.objc; path = TMBChoreography.m; sourceTree = "<group>"; };
		07D0ACE017A1B92900C1AE3F /* TMBChoreographyExecution.h */ = {isa = PBXFileReference; fileEncoding = 4; lastKnownFileType = sourcecode.c.h; path = TMBChoreographyExecution.h; sourceTree = "<group>"; };
		07D0ACE117A1B92900C1AE3F /* TMBChoreographyExecution.m */ = {isa = PBXFileReference; fileEncoding = 4; lastKnownFileType = sourcecode.c.objc; path = TMBChoreographyExecution.m; sourceTree = "<group>"; };
		07D0ACE217A1B92900C1AE3F /* TMBException.h */ = {isa = PBXFileReference; fileEncoding = 4; lastKnownFileType = sourcecode.c.h; path = TMBException.h; sourceTree = "<group>"; };
		07D0ACE317A1B92900C1AE3F /* TMBException.m */ = {isa = PBXFileReference; fileEncoding = 4; lastKnownFileType = sourcecode.c.objc; path = TMBException.m; sourceTree = "<group>"; };
		07D0ACE417A1B92900C1AE3F /* TMBTembooResource.h */ = {isa = PBXFileReference; fileEncoding = 4; lastKnownFileType = sourcecode.c.h; path = TMBTembooResource.h; sourceTree = "<group>"; };
		07D0ACE517A1B92900C1AE3F /* TMBTembooResource.m */ = {isa = PBXFileReference; fileEncoding = 4; lastKnownFileType = sourcecode.c.objc; path = TMBTembooResource.m; sourceTree = "<group>"; };
		07D0ACE617A1B92900C1AE3F /* TMBTembooSession.h */ = {isa = PBXFileReference; fileEncoding = 4; lastKnownFileType = sourcecode.c.h; path = TMBTembooSession.h; sourceTree = "<group>"; };
		07D0ACE717A1B92900C1AE3F /* TMBTembooSession.m */ = {isa = PBXFileReference; fileEncoding = 4; lastKnownFileType = sourcecode.c.objc; path = TMBTembooSession.m; sourceTree = "<group>"; };
		07D0ACE817A1B92900C1AE3F /* TMBTembooUri.h */ = {isa = PBXFileReference; fileEncoding = 4; lastKnownFileType = sourcecode.c.h; path = TMBTembooUri.h; sourceTree = "<group>"; };
		07D0ACE917A1B92900C1AE3F /* TMBTembooUri.m */ = {isa = PBXFileReference; fileEncoding = 4; lastKnownFileType = sourcecode.c.objc; path = TMBTembooUri.m; sourceTree = "<group>"; };
		07D0ACEA17A1B92900C1AE3F /* TMBUtil.h */ = {isa = PBXFileReference; fileEncoding = 4; lastKnownFileType = sourcecode.c.h; path = TMBUtil.h; sourceTree = "<group>"; };
		07D0ACEB17A1B92900C1AE3F /* TMBUtil.m */ = {isa = PBXFileReference; fileEncoding = 4; lastKnownFileType = sourcecode.c.objc; path = TMBUtil.m; sourceTree = "<group>"; };
		07D0ACED17A1B92900C1AE3F /* TMB23andMe.h */ = {isa = PBXFileReference; fileEncoding = 4; lastKnownFileType = sourcecode.c.h; path = TMB23andMe.h; sourceTree = "<group>"; };
		07D0ACEE17A1B92900C1AE3F /* TMB23andMe.m */ = {isa = PBXFileReference; fileEncoding = 4; lastKnownFileType = sourcecode.c.objc; path = TMB23andMe.m; sourceTree = "<group>"; };
		07D0ACEF17A1B92900C1AE3F /* TMB37Signals.h */ = {isa = PBXFileReference; fileEncoding = 4; lastKnownFileType = sourcecode.c.h; path = TMB37Signals.h; sourceTree = "<group>"; };
		07D0ACF017A1B92900C1AE3F /* TMB37Signals.m */ = {isa = PBXFileReference; fileEncoding = 4; lastKnownFileType = sourcecode.c.objc; path = TMB37Signals.m; sourceTree = "<group>"; };
		07D0ACF117A1B92900C1AE3F /* TMBAdMob.h */ = {isa = PBXFileReference; fileEncoding = 4; lastKnownFileType = sourcecode.c.h; path = TMBAdMob.h; sourceTree = "<group>"; };
		07D0ACF217A1B92900C1AE3F /* TMBAdMob.m */ = {isa = PBXFileReference; fileEncoding = 4; lastKnownFileType = sourcecode.c.objc; path = TMBAdMob.m; sourceTree = "<group>"; };
		07D0ACF317A1B92900C1AE3F /* TMBAmazon.h */ = {isa = PBXFileReference; fileEncoding = 4; lastKnownFileType = sourcecode.c.h; path = TMBAmazon.h; sourceTree = "<group>"; };
		07D0ACF417A1B92900C1AE3F /* TMBAmazon.m */ = {isa = PBXFileReference; fileEncoding = 4; lastKnownFileType = sourcecode.c.objc; path = TMBAmazon.m; sourceTree = "<group>"; };
		07D0ACF517A1B92900C1AE3F /* TMBAuthorizeNet.h */ = {isa = PBXFileReference; fileEncoding = 4; lastKnownFileType = sourcecode.c.h; path = TMBAuthorizeNet.h; sourceTree = "<group>"; };
		07D0ACF617A1B92900C1AE3F /* TMBAuthorizeNet.m */ = {isa = PBXFileReference; fileEncoding = 4; lastKnownFileType = sourcecode.c.objc; path = TMBAuthorizeNet.m; sourceTree = "<group>"; };
		07D0ACF717A1B92900C1AE3F /* TMBBitly.h */ = {isa = PBXFileReference; fileEncoding = 4; lastKnownFileType = sourcecode.c.h; path = TMBBitly.h; sourceTree = "<group>"; };
		07D0ACF817A1B92900C1AE3F /* TMBBitly.m */ = {isa = PBXFileReference; fileEncoding = 4; lastKnownFileType = sourcecode.c.objc; path = TMBBitly.m; sourceTree = "<group>"; };
		07D0ACF917A1B92900C1AE3F /* TMBBox.h */ = {isa = PBXFileReference; fileEncoding = 4; lastKnownFileType = sourcecode.c.h; path = TMBBox.h; sourceTree = "<group>"; };
		07D0ACFA17A1B92900C1AE3F /* TMBBox.m */ = {isa = PBXFileReference; fileEncoding = 4; lastKnownFileType = sourcecode.c.objc; path = TMBBox.m; sourceTree = "<group>"; };
		07D0ACFB17A1B92900C1AE3F /* TMBBrighterPlanet.h */ = {isa = PBXFileReference; fileEncoding = 4; lastKnownFileType = sourcecode.c.h; path = TMBBrighterPlanet.h; sourceTree = "<group>"; };
		07D0ACFC17A1B92900C1AE3F /* TMBBrighterPlanet.m */ = {isa = PBXFileReference; fileEncoding = 4; lastKnownFileType = sourcecode.c.objc; path = TMBBrighterPlanet.m; sourceTree = "<group>"; };
		07D0ACFD17A1B92900C1AE3F /* TMBBugzilla.h */ = {isa = PBXFileReference; fileEncoding = 4; lastKnownFileType = sourcecode.c.h; path = TMBBugzilla.h; sourceTree = "<group>"; };
		07D0ACFE17A1B92900C1AE3F /* TMBBugzilla.m */ = {isa = PBXFileReference; fileEncoding = 4; lastKnownFileType = sourcecode.c.objc; path = TMBBugzilla.m; sourceTree = "<group>"; };
		07D0ACFF17A1B92900C1AE3F /* TMBClicky.h */ = {isa = PBXFileReference; fileEncoding = 4; lastKnownFileType = sourcecode.c.h; path = TMBClicky.h; sourceTree = "<group>"; };
		07D0AD0017A1B92900C1AE3F /* TMBClicky.m */ = {isa = PBXFileReference; fileEncoding = 4; lastKnownFileType = sourcecode.c.objc; path = TMBClicky.m; sourceTree = "<group>"; };
		07D0AD0117A1B92900C1AE3F /* TMBCloudMine.h */ = {isa = PBXFileReference; fileEncoding = 4; lastKnownFileType = sourcecode.c.h; path = TMBCloudMine.h; sourceTree = "<group>"; };
		07D0AD0217A1B92900C1AE3F /* TMBCloudMine.m */ = {isa = PBXFileReference; fileEncoding = 4; lastKnownFileType = sourcecode.c.objc; path = TMBCloudMine.m; sourceTree = "<group>"; };
		07D0AD0317A1B92900C1AE3F /* TMBConstantContact.h */ = {isa = PBXFileReference; fileEncoding = 4; lastKnownFileType = sourcecode.c.h; path = TMBConstantContact.h; sourceTree = "<group>"; };
		07D0AD0417A1B92900C1AE3F /* TMBConstantContact.m */ = {isa = PBXFileReference; fileEncoding = 4; lastKnownFileType = sourcecode.c.objc; path = TMBConstantContact.m; sourceTree = "<group>"; };
		07D0AD0517A1B92900C1AE3F /* TMBCorpWatch.h */ = {isa = PBXFileReference; fileEncoding = 4; lastKnownFileType = sourcecode.c.h; path = TMBCorpWatch.h; sourceTree = "<group>"; };
		07D0AD0617A1B92900C1AE3F /* TMBCorpWatch.m */ = {isa = PBXFileReference; fileEncoding = 4; lastKnownFileType = sourcecode.c.objc; path = TMBCorpWatch.m; sourceTree = "<group>"; };
		07D0AD0717A1B92900C1AE3F /* TMBDailyMed.h */ = {isa = PBXFileReference; fileEncoding = 4; lastKnownFileType = sourcecode.c.h; path = TMBDailyMed.h; sourceTree = "<group>"; };
		07D0AD0817A1B92900C1AE3F /* TMBDailyMed.m */ = {isa = PBXFileReference; fileEncoding = 4; lastKnownFileType = sourcecode.c.objc; path = TMBDailyMed.m; sourceTree = "<group>"; };
		07D0AD0917A1B92900C1AE3F /* TMBDataGov.h */ = {isa = PBXFileReference; fileEncoding = 4; lastKnownFileType = sourcecode.c.h; path = TMBDataGov.h; sourceTree = "<group>"; };
		07D0AD0A17A1B92900C1AE3F /* TMBDataGov.m */ = {isa = PBXFileReference; fileEncoding = 4; lastKnownFileType = sourcecode.c.objc; path = TMBDataGov.m; sourceTree = "<group>"; };
		07D0AD0B17A1B92900C1AE3F /* TMBDelicious.h */ = {isa = PBXFileReference; fileEncoding = 4; lastKnownFileType = sourcecode.c.h; path = TMBDelicious.h; sourceTree = "<group>"; };
		07D0AD0C17A1B92900C1AE3F /* TMBDelicious.m */ = {isa = PBXFileReference; fileEncoding = 4; lastKnownFileType = sourcecode.c.objc; path = TMBDelicious.m; sourceTree = "<group>"; };
		07D0AD0D17A1B92900C1AE3F /* TMBDeptOfEducation.h */ = {isa = PBXFileReference; fileEncoding = 4; lastKnownFileType = sourcecode.c.h; path = TMBDeptOfEducation.h; sourceTree = "<group>"; };
		07D0AD0E17A1B92900C1AE3F /* TMBDeptOfEducation.m */ = {isa = PBXFileReference; fileEncoding = 4; lastKnownFileType = sourcecode.c.objc; path = TMBDeptOfEducation.m; sourceTree = "<group>"; };
		07D0AD0F17A1B92900C1AE3F /* TMBDisqus.h */ = {isa = PBXFileReference; fileEncoding = 4; lastKnownFileType = sourcecode.c.h; path = TMBDisqus.h; sourceTree = "<group>"; };
		07D0AD1017A1B92900C1AE3F /* TMBDisqus.m */ = {isa = PBXFileReference; fileEncoding = 4; lastKnownFileType = sourcecode.c.objc; path = TMBDisqus.m; sourceTree = "<group>"; };
		07D0AD1117A1B92900C1AE3F /* TMBDonorsChoose.h */ = {isa = PBXFileReference; fileEncoding = 4; lastKnownFileType = sourcecode.c.h; path = TMBDonorsChoose.h; sourceTree = "<group>"; };
		07D0AD1217A1B92900C1AE3F /* TMBDonorsChoose.m */ = {isa = PBXFileReference; fileEncoding = 4; lastKnownFileType = sourcecode.c.objc; path = TMBDonorsChoose.m; sourceTree = "<group>"; };
		07D0AD1317A1B92900C1AE3F /* TMBDropbox.h */ = {isa = PBXFileReference; fileEncoding = 4; lastKnownFileType = sourcecode.c.h; path = TMBDropbox.h; sourceTree = "<group>"; };
		07D0AD1417A1B92900C1AE3F /* TMBDropbox.m */ = {isa = PBXFileReference; fileEncoding = 4; lastKnownFileType = sourcecode.c.objc; path = TMBDropbox.m; sourceTree = "<group>"; };
		07D0AD1517A1B92900C1AE3F /* TMBDuckDuckGo.h */ = {isa = PBXFileReference; fileEncoding = 4; lastKnownFileType = sourcecode.c.h; path = TMBDuckDuckGo.h; sourceTree = "<group>"; };
		07D0AD1617A1B92900C1AE3F /* TMBDuckDuckGo.m */ = {isa = PBXFileReference; fileEncoding = 4; lastKnownFileType = sourcecode.c.objc; path = TMBDuckDuckGo.m; sourceTree = "<group>"; };
		07D0AD1717A1B92900C1AE3F /* TMBDwolla.h */ = {isa = PBXFileReference; fileEncoding = 4; lastKnownFileType = sourcecode.c.h; path = TMBDwolla.h; sourceTree = "<group>"; };
		07D0AD1817A1B92900C1AE3F /* TMBDwolla.m */ = {isa = PBXFileReference; fileEncoding = 4; lastKnownFileType = sourcecode.c.objc; path = TMBDwolla.m; sourceTree = "<group>"; };
		07D0AD1917A1B92900C1AE3F /* TMBEnviroFacts.h */ = {isa = PBXFileReference; fileEncoding = 4; lastKnownFileType = sourcecode.c.h; path = TMBEnviroFacts.h; sourceTree = "<group>"; };
		07D0AD1A17A1B92900C1AE3F /* TMBEnviroFacts.m */ = {isa = PBXFileReference; fileEncoding = 4; lastKnownFileType = sourcecode.c.objc; path = TMBEnviroFacts.m; sourceTree = "<group>"; };
		07D0AD1B17A1B92900C1AE3F /* TMBFacebook.h */ = {isa = PBXFileReference; fileEncoding = 4; lastKnownFileType = sourcecode.c.h; path = TMBFacebook.h; sourceTree = "<group>"; };
		07D0AD1C17A1B92900C1AE3F /* TMBFacebook.m */ = {isa = PBXFileReference; fileEncoding = 4; lastKnownFileType = sourcecode.c.objc; path = TMBFacebook.m; sourceTree = "<group>"; };
		07D0AD1D17A1B92900C1AE3F /* TMBFactual.h */ = {isa = PBXFileReference; fileEncoding = 4; lastKnownFileType = sourcecode.c.h; path = TMBFactual.h; sourceTree = "<group>"; };
		07D0AD1E17A1B92900C1AE3F /* TMBFactual.m */ = {isa = PBXFileReference; fileEncoding = 4; lastKnownFileType = sourcecode.c.objc; path = TMBFactual.m; sourceTree = "<group>"; };
		07D0AD1F17A1B92900C1AE3F /* TMBFedEx.h */ = {isa = PBXFileReference; fileEncoding = 4; lastKnownFileType = sourcecode.c.h; path = TMBFedEx.h; sourceTree = "<group>"; };
		07D0AD2017A1B92900C1AE3F /* TMBFedEx.m */ = {isa = PBXFileReference; fileEncoding = 4; lastKnownFileType = sourcecode.c.objc; path = TMBFedEx.m; sourceTree = "<group>"; };
		07D0AD2117A1B92900C1AE3F /* TMBFedSpending.h */ = {isa = PBXFileReference; fileEncoding = 4; lastKnownFileType = sourcecode.c.h; path = TMBFedSpending.h; sourceTree = "<group>"; };
		07D0AD2217A1B92900C1AE3F /* TMBFedSpending.m */ = {isa = PBXFileReference; fileEncoding = 4; lastKnownFileType = sourcecode.c.objc; path = TMBFedSpending.m; sourceTree = "<group>"; };
		07D0AD2317A1B92900C1AE3F /* TMBFilesAnywhere.h */ = {isa = PBXFileReference; fileEncoding = 4; lastKnownFileType = sourcecode.c.h; path = TMBFilesAnywhere.h; sourceTree = "<group>"; };
		07D0AD2417A1B92900C1AE3F /* TMBFilesAnywhere.m */ = {isa = PBXFileReference; fileEncoding = 4; lastKnownFileType = sourcecode.c.objc; path = TMBFilesAnywhere.m; sourceTree = "<group>"; };
		07D0AD2517A1B92900C1AE3F /* TMBFitbit.h */ = {isa = PBXFileReference; fileEncoding = 4; lastKnownFileType = sourcecode.c.h; path = TMBFitbit.h; sourceTree = "<group>"; };
		07D0AD2617A1B92900C1AE3F /* TMBFitbit.m */ = {isa = PBXFileReference; fileEncoding = 4; lastKnownFileType = sourcecode.c.objc; path = TMBFitbit.m; sourceTree = "<group>"; };
		07D0AD2717A1B92900C1AE3F /* TMBFlickr.h */ = {isa = PBXFileReference; fileEncoding = 4; lastKnownFileType = sourcecode.c.h; path = TMBFlickr.h; sourceTree = "<group>"; };
		07D0AD2817A1B92900C1AE3F /* TMBFlickr.m */ = {isa = PBXFileReference; fileEncoding = 4; lastKnownFileType = sourcecode.c.objc; path = TMBFlickr.m; sourceTree = "<group>"; };
		07D0AD2917A1B92900C1AE3F /* TMBFoursquare.h */ = {isa = PBXFileReference; fileEncoding = 4; lastKnownFileType = sourcecode.c.h; path = TMBFoursquare.h; sourceTree = "<group>"; };
		07D0AD2A17A1B92900C1AE3F /* TMBFoursquare.m */ = {isa = PBXFileReference; fileEncoding = 4; lastKnownFileType = sourcecode.c.objc; path = TMBFoursquare.m; sourceTree = "<group>"; };
		07D0AD2B17A1B92900C1AE3F /* TMBFreebase.h */ = {isa = PBXFileReference; fileEncoding = 4; lastKnownFileType = sourcecode.c.h; path = TMBFreebase.h; sourceTree = "<group>"; };
		07D0AD2C17A1B92900C1AE3F /* TMBFreebase.m */ = {isa = PBXFileReference; fileEncoding = 4; lastKnownFileType = sourcecode.c.objc; path = TMBFreebase.m; sourceTree = "<group>"; };
		07D0AD2D17A1B92900C1AE3F /* TMBGenability.h */ = {isa = PBXFileReference; fileEncoding = 4; lastKnownFileType = sourcecode.c.h; path = TMBGenability.h; sourceTree = "<group>"; };
		07D0AD2E17A1B92900C1AE3F /* TMBGenability.m */ = {isa = PBXFileReference; fileEncoding = 4; lastKnownFileType = sourcecode.c.objc; path = TMBGenability.m; sourceTree = "<group>"; };
		07D0AD2F17A1B92900C1AE3F /* TMBGitHub.h */ = {isa = PBXFileReference; fileEncoding = 4; lastKnownFileType = sourcecode.c.h; path = TMBGitHub.h; sourceTree = "<group>"; };
		07D0AD3017A1B92900C1AE3F /* TMBGitHub.m */ = {isa = PBXFileReference; fileEncoding = 4; lastKnownFileType = sourcecode.c.objc; path = TMBGitHub.m; sourceTree = "<group>"; };
		07D0AD3117A1B92900C1AE3F /* TMBGoodGuide.h */ = {isa = PBXFileReference; fileEncoding = 4; lastKnownFileType = sourcecode.c.h; path = TMBGoodGuide.h; sourceTree = "<group>"; };
		07D0AD3217A1B92900C1AE3F /* TMBGoodGuide.m */ = {isa = PBXFileReference; fileEncoding = 4; lastKnownFileType = sourcecode.c.objc; path = TMBGoodGuide.m; sourceTree = "<group>"; };
		07D0AD3317A1B92900C1AE3F /* TMBGoogle.h */ = {isa = PBXFileReference; fileEncoding = 4; lastKnownFileType = sourcecode.c.h; path = TMBGoogle.h; sourceTree = "<group>"; };
		07D0AD3417A1B92900C1AE3F /* TMBGoogle.m */ = {isa = PBXFileReference; fileEncoding = 4; lastKnownFileType = sourcecode.c.objc; path = TMBGoogle.m; sourceTree = "<group>"; };
		07D0AD3517A1B92900C1AE3F /* TMBGovTrack.h */ = {isa = PBXFileReference; fileEncoding = 4; lastKnownFileType = sourcecode.c.h; path = TMBGovTrack.h; sourceTree = "<group>"; };
		07D0AD3617A1B92900C1AE3F /* TMBGovTrack.m */ = {isa = PBXFileReference; fileEncoding = 4; lastKnownFileType = sourcecode.c.objc; path = TMBGovTrack.m; sourceTree = "<group>"; };
		07D0AD3717A1B92900C1AE3F /* TMBInfluenceExplorer.h */ = {isa = PBXFileReference; fileEncoding = 4; lastKnownFileType = sourcecode.c.h; path = TMBInfluenceExplorer.h; sourceTree = "<group>"; };
		07D0AD3817A1B92900C1AE3F /* TMBInfluenceExplorer.m */ = {isa = PBXFileReference; fileEncoding = 4; lastKnownFileType = sourcecode.c.objc; path = TMBInfluenceExplorer.m; sourceTree = "<group>"; };
		07D0AD3917A1B92900C1AE3F /* TMBInstagram.h */ = {isa = PBXFileReference; fileEncoding = 4; lastKnownFileType = sourcecode.c.h; path = TMBInstagram.h; sourceTree = "<group>"; };
		07D0AD3A17A1B92900C1AE3F /* TMBInstagram.m */ = {isa = PBXFileReference; fileEncoding = 4; lastKnownFileType = sourcecode.c.objc; path = TMBInstagram.m; sourceTree = "<group>"; };
		07D0AD3B17A1B92900C1AE3F /* TMBInstapaper.h */ = {isa = PBXFileReference; fileEncoding = 4; lastKnownFileType = sourcecode.c.h; path = TMBInstapaper.h; sourceTree = "<group>"; };
		07D0AD3C17A1B92900C1AE3F /* TMBInstapaper.m */ = {isa = PBXFileReference; fileEncoding = 4; lastKnownFileType = sourcecode.c.objc; path = TMBInstapaper.m; sourceTree = "<group>"; };
		07D0AD3D17A1B92900C1AE3F /* TMBKhanAcademy.h */ = {isa = PBXFileReference; fileEncoding = 4; lastKnownFileType = sourcecode.c.h; path = TMBKhanAcademy.h; sourceTree = "<group>"; };
		07D0AD3E17A1B92900C1AE3F /* TMBKhanAcademy.m */ = {isa = PBXFileReference; fileEncoding = 4; lastKnownFileType = sourcecode.c.objc; path = TMBKhanAcademy.m; sourceTree = "<group>"; };
		07D0AD3F17A1B92900C1AE3F /* TMBKiva.h */ = {isa = PBXFileReference; fileEncoding = 4; lastKnownFileType = sourcecode.c.h; path = TMBKiva.h; sourceTree = "<group>"; };
		07D0AD4017A1B92900C1AE3F /* TMBKiva.m */ = {isa = PBXFileReference; fileEncoding = 4; lastKnownFileType = sourcecode.c.objc; path = TMBKiva.m; sourceTree = "<group>"; };
		07D0AD4117A1B92900C1AE3F /* TMBKlout.h */ = {isa = PBXFileReference; fileEncoding = 4; lastKnownFileType = sourcecode.c.h; path = TMBKlout.h; sourceTree = "<group>"; };
		07D0AD4217A1B92900C1AE3F /* TMBKlout.m */ = {isa = PBXFileReference; fileEncoding = 4; lastKnownFileType = sourcecode.c.objc; path = TMBKlout.m; sourceTree = "<group>"; };
		07D0AD4317A1B92900C1AE3F /* TMBLabs.h */ = {isa = PBXFileReference; fileEncoding = 4; lastKnownFileType = sourcecode.c.h; path = TMBLabs.h; sourceTree = "<group>"; };
		07D0AD4417A1B92900C1AE3F /* TMBLabs.m */ = {isa = PBXFileReference; fileEncoding = 4; lastKnownFileType = sourcecode.c.objc; path = TMBLabs.m; sourceTree = "<group>"; };
		07D0AD4517A1B92900C1AE3F /* TMBLastFm.h */ = {isa = PBXFileReference; fileEncoding = 4; lastKnownFileType = sourcecode.c.h; path = TMBLastFm.h; sourceTree = "<group>"; };
		07D0AD4617A1B92900C1AE3F /* TMBLastFm.m */ = {isa = PBXFileReference; fileEncoding = 4; lastKnownFileType = sourcecode.c.objc; path = TMBLastFm.m; sourceTree = "<group>"; };
		07D0AD4717A1B92900C1AE3F /* TMBLinkedIn.h */ = {isa = PBXFileReference; fileEncoding = 4; lastKnownFileType = sourcecode.c.h; path = TMBLinkedIn.h; sourceTree = "<group>"; };
		07D0AD4817A1B92900C1AE3F /* TMBLinkedIn.m */ = {isa = PBXFileReference; fileEncoding = 4; lastKnownFileType = sourcecode.c.objc; path = TMBLinkedIn.m; sourceTree = "<group>"; };
		07D0AD4917A1B92900C1AE3F /* TMBLittleSis.h */ = {isa = PBXFileReference; fileEncoding = 4; lastKnownFileType = sourcecode.c.h; path = TMBLittleSis.h; sourceTree = "<group>"; };
		07D0AD4A17A1B92900C1AE3F /* TMBLittleSis.m */ = {isa = PBXFileReference; fileEncoding = 4; lastKnownFileType = sourcecode.c.objc; path = TMBLittleSis.m; sourceTree = "<group>"; };
		07D0AD4B17A1B92900C1AE3F /* TMBMailChimp.h */ = {isa = PBXFileReference; fileEncoding = 4; lastKnownFileType = sourcecode.c.h; path = TMBMailChimp.h; sourceTree = "<group>"; };
		07D0AD4C17A1B92900C1AE3F /* TMBMailChimp.m */ = {isa = PBXFileReference; fileEncoding = 4; lastKnownFileType = sourcecode.c.objc; path = TMBMailChimp.m; sourceTree = "<group>"; };
		07D0AD4D17A1B92900C1AE3F /* TMBMySQL.h */ = {isa = PBXFileReference; fileEncoding = 4; lastKnownFileType = sourcecode.c.h; path = TMBMySQL.h; sourceTree = "<group>"; };
		07D0AD4E17A1B92900C1AE3F /* TMBMySQL.m */ = {isa = PBXFileReference; fileEncoding = 4; lastKnownFileType = sourcecode.c.objc; path = TMBMySQL.m; sourceTree = "<group>"; };
		07D0AD4F17A1B92900C1AE3F /* TMBNetflix.h */ = {isa = PBXFileReference; fileEncoding = 4; lastKnownFileType = sourcecode.c.h; path = TMBNetflix.h; sourceTree = "<group>"; };
		07D0AD5017A1B92900C1AE3F /* TMBNetflix.m */ = {isa = PBXFileReference; fileEncoding = 4; lastKnownFileType = sourcecode.c.objc; path = TMBNetflix.m; sourceTree = "<group>"; };
		07D0AD5117A1B92900C1AE3F /* TMBNOAA.h */ = {isa = PBXFileReference; fileEncoding = 4; lastKnownFileType = sourcecode.c.h; path = TMBNOAA.h; sourceTree = "<group>"; };
		07D0AD5217A1B92900C1AE3F /* TMBNOAA.m */ = {isa = PBXFileReference; fileEncoding = 4; lastKnownFileType = sourcecode.c.objc; path = TMBNOAA.m; sourceTree = "<group>"; };
		07D0AD5317A1B92900C1AE3F /* TMBNPR.h */ = {isa = PBXFileReference; fileEncoding = 4; lastKnownFileType = sourcecode.c.h; path = TMBNPR.h; sourceTree = "<group>"; };
		07D0AD5417A1B92900C1AE3F /* TMBNPR.m */ = {isa = PBXFileReference; fileEncoding = 4; lastKnownFileType = sourcecode.c.objc; path = TMBNPR.m; sourceTree = "<group>"; };
		07D0AD5517A1B92900C1AE3F /* TMBNYTimes.h */ = {isa = PBXFileReference; fileEncoding = 4; lastKnownFileType = sourcecode.c.h; path = TMBNYTimes.h; sourceTree = "<group>"; };
		07D0AD5617A1B92900C1AE3F /* TMBNYTimes.m */ = {isa = PBXFileReference; fileEncoding = 4; lastKnownFileType = sourcecode.c.objc; path = TMBNYTimes.m; sourceTree = "<group>"; };
		07D0AD5717A1B92900C1AE3F /* TMBObadMobileMarketing.h */ = {isa = PBXFileReference; fileEncoding = 4; lastKnownFileType = sourcecode.c.h; path = TMBObadMobileMarketing.h; sourceTree = "<group>"; };
		07D0AD5817A1B92900C1AE3F /* TMBObadMobileMarketing.m */ = {isa = PBXFileReference; fileEncoding = 4; lastKnownFileType = sourcecode.c.objc; path = TMBObadMobileMarketing.m; sourceTree = "<group>"; };
		07D0AD5917A1B92900C1AE3F /* TMBOneLogin.h */ = {isa = PBXFileReference; fileEncoding = 4; lastKnownFileType = sourcecode.c.h; path = TMBOneLogin.h; sourceTree = "<group>"; };
		07D0AD5A17A1B92900C1AE3F /* TMBOneLogin.m */ = {isa = PBXFileReference; fileEncoding = 4; lastKnownFileType = sourcecode.c.objc; path = TMBOneLogin.m; sourceTree = "<group>"; };
		07D0AD5B17A1B92900C1AE3F /* TMBParse.h */ = {isa = PBXFileReference; fileEncoding = 4; lastKnownFileType = sourcecode.c.h; path = TMBParse.h; sourceTree = "<group>"; };
		07D0AD5C17A1B92900C1AE3F /* TMBParse.m */ = {isa = PBXFileReference; fileEncoding = 4; lastKnownFileType = sourcecode.c.objc; path = TMBParse.m; sourceTree = "<group>"; };
		07D0AD5D17A1B92900C1AE3F /* TMBPatch.h */ = {isa = PBXFileReference; fileEncoding = 4; lastKnownFileType = sourcecode.c.h; path = TMBPatch.h; sourceTree = "<group>"; };
		07D0AD5E17A1B92900C1AE3F /* TMBPatch.m */ = {isa = PBXFileReference; fileEncoding = 4; lastKnownFileType = sourcecode.c.objc; path = TMBPatch.m; sourceTree = "<group>"; };
		07D0AD5F17A1B92900C1AE3F /* TMBPayPal.h */ = {isa = PBXFileReference; fileEncoding = 4; lastKnownFileType = sourcecode.c.h; path = TMBPayPal.h; sourceTree = "<group>"; };
		07D0AD6017A1B92900C1AE3F /* TMBPayPal.m */ = {isa = PBXFileReference; fileEncoding = 4; lastKnownFileType = sourcecode.c.objc; path = TMBPayPal.m; sourceTree = "<group>"; };
		07D0AD6117A1B92900C1AE3F /* TMBPostgreSQL.h */ = {isa = PBXFileReference; fileEncoding = 4; lastKnownFileType = sourcecode.c.h; path = TMBPostgreSQL.h; sourceTree = "<group>"; };
		07D0AD6217A1B92900C1AE3F /* TMBPostgreSQL.m */ = {isa = PBXFileReference; fileEncoding = 4; lastKnownFileType = sourcecode.c.objc; path = TMBPostgreSQL.m; sourceTree = "<group>"; };
		07D0AD6317A1B92900C1AE3F /* TMBRapidShare.h */ = {isa = PBXFileReference; fileEncoding = 4; lastKnownFileType = sourcecode.c.h; path = TMBRapidShare.h; sourceTree = "<group>"; };
		07D0AD6417A1B92900C1AE3F /* TMBRapidShare.m */ = {isa = PBXFileReference; fileEncoding = 4; lastKnownFileType = sourcecode.c.objc; path = TMBRapidShare.m; sourceTree = "<group>"; };
		07D0AD6517A1B92900C1AE3F /* TMBRightScale.h */ = {isa = PBXFileReference; fileEncoding = 4; lastKnownFileType = sourcecode.c.h; path = TMBRightScale.h; sourceTree = "<group>"; };
		07D0AD6617A1B92900C1AE3F /* TMBRightScale.m */ = {isa = PBXFileReference; fileEncoding = 4; lastKnownFileType = sourcecode.c.objc; path = TMBRightScale.m; sourceTree = "<group>"; };
		07D0AD6717A1B92900C1AE3F /* TMBRunKeeper.h */ = {isa = PBXFileReference; fileEncoding = 4; lastKnownFileType = sourcecode.c.h; path = TMBRunKeeper.h; sourceTree = "<group>"; };
		07D0AD6817A1B92900C1AE3F /* TMBRunKeeper.m */ = {isa = PBXFileReference; fileEncoding = 4; lastKnownFileType = sourcecode.c.objc; path = TMBRunKeeper.m; sourceTree = "<group>"; };
		07D0AD6917A1B92900C1AE3F /* TMBSalesforce.h */ = {isa = PBXFileReference; fileEncoding = 4; lastKnownFileType = sourcecode.c.h; path = TMBSalesforce.h; sourceTree = "<group>"; };
		07D0AD6A17A1B92900C1AE3F /* TMBSalesforce.m */ = {isa = PBXFileReference; fileEncoding = 4; lastKnownFileType = sourcecode.c.objc; path = TMBSalesforce.m; sourceTree = "<group>"; };
		07D0AD6B17A1B92900C1AE3F /* TMBSchoolFinder.h */ = {isa = PBXFileReference; fileEncoding = 4; lastKnownFileType = sourcecode.c.h; path = TMBSchoolFinder.h; sourceTree = "<group>"; };
		07D0AD6C17A1B92900C1AE3F /* TMBSchoolFinder.m */ = {isa = PBXFileReference; fileEncoding = 4; lastKnownFileType = sourcecode.c.objc; path = TMBSchoolFinder.m; sourceTree = "<group>"; };
		07D0AD6D17A1B92900C1AE3F /* TMBSendGrid.h */ = {isa = PBXFileReference; fileEncoding = 4; lastKnownFileType = sourcecode.c.h; path = TMBSendGrid.h; sourceTree = "<group>"; };
		07D0AD6E17A1B92900C1AE3F /* TMBSendGrid.m */ = {isa = PBXFileReference; fileEncoding = 4; lastKnownFileType = sourcecode.c.objc; path = TMBSendGrid.m; sourceTree = "<group>"; };
		07D0AD6F17A1B92900C1AE3F /* TMBSocrata.h */ = {isa = PBXFileReference; fileEncoding = 4; lastKnownFileType = sourcecode.c.h; path = TMBSocrata.h; sourceTree = "<group>"; };
		07D0AD7017A1B92900C1AE3F /* TMBSocrata.m */ = {isa = PBXFileReference; fileEncoding = 4; lastKnownFileType = sourcecode.c.objc; path = TMBSocrata.m; sourceTree = "<group>"; };
		07D0AD7117A1B92900C1AE3F /* TMBStripe.h */ = {isa = PBXFileReference; fileEncoding = 4; lastKnownFileType = sourcecode.c.h; path = TMBStripe.h; sourceTree = "<group>"; };
		07D0AD7217A1B92900C1AE3F /* TMBStripe.m */ = {isa = PBXFileReference; fileEncoding = 4; lastKnownFileType = sourcecode.c.objc; path = TMBStripe.m; sourceTree = "<group>"; };
		07D0AD7317A1B92900C1AE3F /* TMBSunlightLabs.h */ = {isa = PBXFileReference; fileEncoding = 4; lastKnownFileType = sourcecode.c.h; path = TMBSunlightLabs.h; sourceTree = "<group>"; };
		07D0AD7417A1B92900C1AE3F /* TMBSunlightLabs.m */ = {isa = PBXFileReference; fileEncoding = 4; lastKnownFileType = sourcecode.c.objc; path = TMBSunlightLabs.m; sourceTree = "<group>"; };
		07D0AD7517A1B92900C1AE3F /* TMBTumblr.h */ = {isa = PBXFileReference; fileEncoding = 4; lastKnownFileType = sourcecode.c.h; path = TMBTumblr.h; sourceTree = "<group>"; };
		07D0AD7617A1B92900C1AE3F /* TMBTumblr.m */ = {isa = PBXFileReference; fileEncoding = 4; lastKnownFileType = sourcecode.c.objc; path = TMBTumblr.m; sourceTree = "<group>"; };
		07D0AD7717A1B92900C1AE3F /* TMBTwilio.h */ = {isa = PBXFileReference; fileEncoding = 4; lastKnownFileType = sourcecode.c.h; path = TMBTwilio.h; sourceTree = "<group>"; };
		07D0AD7817A1B92900C1AE3F /* TMBTwilio.m */ = {isa = PBXFileReference; fileEncoding = 4; lastKnownFileType = sourcecode.c.objc; path = TMBTwilio.m; sourceTree = "<group>"; };
		07D0AD7917A1B92900C1AE3F /* TMBTwitter.h */ = {isa = PBXFileReference; fileEncoding = 4; lastKnownFileType = sourcecode.c.h; path = TMBTwitter.h; sourceTree = "<group>"; };
		07D0AD7A17A1B92900C1AE3F /* TMBTwitter.m */ = {isa = PBXFileReference; fileEncoding = 4; lastKnownFileType = sourcecode.c.objc; path = TMBTwitter.m; sourceTree = "<group>"; };
		07D0AD7B17A1B92900C1AE3F /* TMBUnlockPlaces.h */ = {isa = PBXFileReference; fileEncoding = 4; lastKnownFileType = sourcecode.c.h; path = TMBUnlockPlaces.h; sourceTree = "<group>"; };
		07D0AD7C17A1B92900C1AE3F /* TMBUnlockPlaces.m */ = {isa = PBXFileReference; fileEncoding = 4; lastKnownFileType = sourcecode.c.objc; path = TMBUnlockPlaces.m; sourceTree = "<group>"; };
		07D0AD7D17A1B92900C1AE3F /* TMBUSPS.h */ = {isa = PBXFileReference; fileEncoding = 4; lastKnownFileType = sourcecode.c.h; path = TMBUSPS.h; sourceTree = "<group>"; };
		07D0AD7E17A1B92900C1AE3F /* TMBUSPS.m */ = {isa = PBXFileReference; fileEncoding = 4; lastKnownFileType = sourcecode.c.objc; path = TMBUSPS.m; sourceTree = "<group>"; };
		07D0AD7F17A1B92900C1AE3F /* TMBUtilities.h */ = {isa = PBXFileReference; fileEncoding = 4; lastKnownFileType = sourcecode.c.h; path = TMBUtilities.h; sourceTree = "<group>"; };
		07D0AD8017A1B92900C1AE3F /* TMBUtilities.m */ = {isa = PBXFileReference; fileEncoding = 4; lastKnownFileType = sourcecode.c.objc; path = TMBUtilities.m; sourceTree = "<group>"; };
		07D0AD8117A1B92900C1AE3F /* TMBWordnik.h */ = {isa = PBXFileReference; fileEncoding = 4; lastKnownFileType = sourcecode.c.h; path = TMBWordnik.h; sourceTree = "<group>"; };
		07D0AD8217A1B92900C1AE3F /* TMBWordnik.m */ = {isa = PBXFileReference; fileEncoding = 4; lastKnownFileType = sourcecode.c.objc; path = TMBWordnik.m; sourceTree = "<group>"; };
		07D0AD8317A1B92900C1AE3F /* TMBXively.h */ = {isa = PBXFileReference; fileEncoding = 4; lastKnownFileType = sourcecode.c.h; path = TMBXively.h; sourceTree = "<group>"; };
		07D0AD8417A1B92900C1AE3F /* TMBXively.m */ = {isa = PBXFileReference; fileEncoding = 4; lastKnownFileType = sourcecode.c.objc; path = TMBXively.m; sourceTree = "<group>"; };
		07D0AD8517A1B92900C1AE3F /* TMBYahoo.h */ = {isa = PBXFileReference; fileEncoding = 4; lastKnownFileType = sourcecode.c.h; path = TMBYahoo.h; sourceTree = "<group>"; };
		07D0AD8617A1B92900C1AE3F /* TMBYahoo.m */ = {isa = PBXFileReference; fileEncoding = 4; lastKnownFileType = sourcecode.c.objc; path = TMBYahoo.m; sourceTree = "<group>"; };
		07D0AD8717A1B92900C1AE3F /* TMBYelp.h */ = {isa = PBXFileReference; fileEncoding = 4; lastKnownFileType = sourcecode.c.h; path = TMBYelp.h; sourceTree = "<group>"; };
		07D0AD8817A1B92900C1AE3F /* TMBYelp.m */ = {isa = PBXFileReference; fileEncoding = 4; lastKnownFileType = sourcecode.c.objc; path = TMBYelp.m; sourceTree = "<group>"; };
		07D0AD8917A1B92900C1AE3F /* TMBYouTube.h */ = {isa = PBXFileReference; fileEncoding = 4; lastKnownFileType = sourcecode.c.h; path = TMBYouTube.h; sourceTree = "<group>"; };
		07D0AD8A17A1B92900C1AE3F /* TMBYouTube.m */ = {isa = PBXFileReference; fileEncoding = 4; lastKnownFileType = sourcecode.c.objc; path = TMBYouTube.m; sourceTree = "<group>"; };
		07D0AD8B17A1B92900C1AE3F /* TMBZendesk.h */ = {isa = PBXFileReference; fileEncoding = 4; lastKnownFileType = sourcecode.c.h; path = TMBZendesk.h; sourceTree = "<group>"; };
		07D0AD8C17A1B92900C1AE3F /* TMBZendesk.m */ = {isa = PBXFileReference; fileEncoding = 4; lastKnownFileType = sourcecode.c.objc; path = TMBZendesk.m; sourceTree = "<group>"; };
		07D0AD8D17A1B92900C1AE3F /* TMBZillow.h */ = {isa = PBXFileReference; fileEncoding = 4; lastKnownFileType = sourcecode.c.h; path = TMBZillow.h; sourceTree = "<group>"; };
		07D0AD8E17A1B92900C1AE3F /* TMBZillow.m */ = {isa = PBXFileReference; fileEncoding = 4; lastKnownFileType = sourcecode.c.objc; path = TMBZillow.m; sourceTree = "<group>"; };
		07D0AD8F17A1B92900C1AE3F /* TMBZoho.h */ = {isa = PBXFileReference; fileEncoding = 4; lastKnownFileType = sourcecode.c.h; path = TMBZoho.h; sourceTree = "<group>"; };
		07D0AD9017A1B92900C1AE3F /* TMBZoho.m */ = {isa = PBXFileReference; fileEncoding = 4; lastKnownFileType = sourcecode.c.objc; path = TMBZoho.m; sourceTree = "<group>"; };
		1D30AB110D05D00D00671497 /* Foundation.framework */ = {isa = PBXFileReference; lastKnownFileType = wrapper.framework; name = Foundation.framework; path = System/Library/Frameworks/Foundation.framework; sourceTree = SDKROOT; };
		1D3623240D0F684500981E51 /* ExampleApplicationAppDelegate.h */ = {isa = PBXFileReference; fileEncoding = 4; lastKnownFileType = sourcecode.c.h; path = ExampleApplicationAppDelegate.h; sourceTree = "<group>"; };
		1D3623250D0F684500981E51 /* ExampleApplicationAppDelegate.m */ = {isa = PBXFileReference; fileEncoding = 4; lastKnownFileType = sourcecode.c.objc; path = ExampleApplicationAppDelegate.m; sourceTree = "<group>"; };
		1DF5F4DF0D08C38300B7A737 /* UIKit.framework */ = {isa = PBXFileReference; lastKnownFileType = wrapper.framework; name = UIKit.framework; path = System/Library/Frameworks/UIKit.framework; sourceTree = SDKROOT; };
		28216C950DB411BC00E5133A /* NYTimesReviewSearchVC.h */ = {isa = PBXFileReference; fileEncoding = 4; lastKnownFileType = sourcecode.c.h; path = NYTimesReviewSearchVC.h; sourceTree = "<group>"; };
		28216C960DB411BC00E5133A /* NYTimesReviewSearchVC.m */ = {isa = PBXFileReference; fileEncoding = 4; lastKnownFileType = sourcecode.c.objc; path = NYTimesReviewSearchVC.m; sourceTree = "<group>"; };
		2840D7CD1179279E00D7F93C /* NYTimesReviewSearchVC.xib */ = {isa = PBXFileReference; lastKnownFileType = file.xib; path = NYTimesReviewSearchVC.xib; sourceTree = "<group>"; };
		288765070DF74369002DB57D /* CoreGraphics.framework */ = {isa = PBXFileReference; lastKnownFileType = wrapper.framework; name = CoreGraphics.framework; path = System/Library/Frameworks/CoreGraphics.framework; sourceTree = SDKROOT; };
		28AD73870D9D96C1002E5188 /* MainWindow.xib */ = {isa = PBXFileReference; lastKnownFileType = file.xib; path = MainWindow.xib; sourceTree = "<group>"; };
		8D1107310486CEB800E47090 /* ExampleApplication-Info.plist */ = {isa = PBXFileReference; fileEncoding = 4; lastKnownFileType = text.plist.xml; path = "ExampleApplication-Info.plist"; plistStructureDefinitionIdentifier = "com.apple.xcode.plist.structure-definition.iphone.info-plist"; sourceTree = "<group>"; };
		B310E20A169E3FCB00864D3A /* YouTubeSearchTableVC.h */ = {isa = PBXFileReference; fileEncoding = 4; lastKnownFileType = sourcecode.c.h; path = YouTubeSearchTableVC.h; sourceTree = "<group>"; };
		B310E20B169E3FCB00864D3A /* YouTubeSearchTableVC.m */ = {isa = PBXFileReference; fileEncoding = 4; lastKnownFileType = sourcecode.c.objc; path = YouTubeSearchTableVC.m; sourceTree = "<group>"; };
		B310E2AF169E587500864D3A /* YouTubeSearchTableVC.xib */ = {isa = PBXFileReference; lastKnownFileType = file.xib; path = YouTubeSearchTableVC.xib; sourceTree = "<group>"; };
		B388AEB416A5D2FA00144222 /* main.m */ = {isa = PBXFileReference; fileEncoding = 4; lastKnownFileType = sourcecode.c.objc; path = main.m; sourceTree = "<group>"; };
		B3E235A016B1BDE000E2DDC9 /* ExampleApplication.app */ = {isa = PBXFileReference; explicitFileType = wrapper.application; includeInIndex = 0; path = ExampleApplication.app; sourceTree = BUILT_PRODUCTS_DIR; };
		B3E235A216B1BE6600E2DDC9 /* ExampleApplication_Prefix.pch */ = {isa = PBXFileReference; fileEncoding = 4; lastKnownFileType = sourcecode.c.h; path = ExampleApplication_Prefix.pch; sourceTree = "<group>"; };
/* End PBXFileReference section */

/* Begin PBXFrameworksBuildPhase section */
		1D60588F0D05DD3D006BFB54 /* Frameworks */ = {
			isa = PBXFrameworksBuildPhase;
			buildActionMask = 2147483647;
			files = (
				1D60589F0D05DD5A006BFB54 /* Foundation.framework in Frameworks */,
				1DF5F4E00D08C38300B7A737 /* UIKit.framework in Frameworks */,
				288765080DF74369002DB57D /* CoreGraphics.framework in Frameworks */,
			);
			runOnlyForDeploymentPostprocessing = 0;
		};
/* End PBXFrameworksBuildPhase section */

/* Begin PBXGroup section */
		07D0ACD517A1B92900C1AE3F /* src */ = {
			isa = PBXGroup;
			children = (
				07D0ACD617A1B92900C1AE3F /* core */,
				07D0ACEC17A1B92900C1AE3F /* library */,
			);
			name = src;
			path = ../../src;
			sourceTree = "<group>";
		};
		07D0ACD617A1B92900C1AE3F /* core */ = {
			isa = PBXGroup;
			children = (
				07D0ACD717A1B92900C1AE3F /* lib */,
				07D0ACDE17A1B92900C1AE3F /* TMBChoreography.h */,
				07D0ACDF17A1B92900C1AE3F /* TMBChoreography.m */,
				07D0ACE017A1B92900C1AE3F /* TMBChoreographyExecution.h */,
				07D0ACE117A1B92900C1AE3F /* TMBChoreographyExecution.m */,
				07D0ACE217A1B92900C1AE3F /* TMBException.h */,
				07D0ACE317A1B92900C1AE3F /* TMBException.m */,
				07D0ACE417A1B92900C1AE3F /* TMBTembooResource.h */,
				07D0ACE517A1B92900C1AE3F /* TMBTembooResource.m */,
				07D0ACE617A1B92900C1AE3F /* TMBTembooSession.h */,
				07D0ACE717A1B92900C1AE3F /* TMBTembooSession.m */,
				07D0ACE817A1B92900C1AE3F /* TMBTembooUri.h */,
				07D0ACE917A1B92900C1AE3F /* TMBTembooUri.m */,
				07D0ACEA17A1B92900C1AE3F /* TMBUtil.h */,
				07D0ACEB17A1B92900C1AE3F /* TMBUtil.m */,
			);
			path = core;
			sourceTree = "<group>";
		};
		07D0ACD717A1B92900C1AE3F /* lib */ = {
			isa = PBXGroup;
			children = (
				07D0ACD817A1B92900C1AE3F /* JSONKit.h */,
				07D0ACD917A1B92900C1AE3F /* JSONKit.m */,
				07D0ACDA17A1B92900C1AE3F /* NSData+Base64.h */,
				07D0ACDB17A1B92900C1AE3F /* NSData+Base64.m */,
				07D0ACDC17A1B92900C1AE3F /* NSString+Base64.h */,
				07D0ACDD17A1B92900C1AE3F /* NSString+Base64.m */,
			);
			path = lib;
			sourceTree = "<group>";
		};
		07D0ACEC17A1B92900C1AE3F /* library */ = {
			isa = PBXGroup;
			children = (
				07D0ACED17A1B92900C1AE3F /* TMB23andMe.h */,
				07D0ACEE17A1B92900C1AE3F /* TMB23andMe.m */,
				07D0ACEF17A1B92900C1AE3F /* TMB37Signals.h */,
				07D0ACF017A1B92900C1AE3F /* TMB37Signals.m */,
				07D0ACF117A1B92900C1AE3F /* TMBAdMob.h */,
				07D0ACF217A1B92900C1AE3F /* TMBAdMob.m */,
				07D0ACF317A1B92900C1AE3F /* TMBAmazon.h */,
				07D0ACF417A1B92900C1AE3F /* TMBAmazon.m */,
				07D0ACF517A1B92900C1AE3F /* TMBAuthorizeNet.h */,
				07D0ACF617A1B92900C1AE3F /* TMBAuthorizeNet.m */,
				07D0ACF717A1B92900C1AE3F /* TMBBitly.h */,
				07D0ACF817A1B92900C1AE3F /* TMBBitly.m */,
				07D0ACF917A1B92900C1AE3F /* TMBBox.h */,
				07D0ACFA17A1B92900C1AE3F /* TMBBox.m */,
				07D0ACFB17A1B92900C1AE3F /* TMBBrighterPlanet.h */,
				07D0ACFC17A1B92900C1AE3F /* TMBBrighterPlanet.m */,
				07D0ACFD17A1B92900C1AE3F /* TMBBugzilla.h */,
				07D0ACFE17A1B92900C1AE3F /* TMBBugzilla.m */,
				07D0ACFF17A1B92900C1AE3F /* TMBClicky.h */,
				07D0AD0017A1B92900C1AE3F /* TMBClicky.m */,
				07D0AD0117A1B92900C1AE3F /* TMBCloudMine.h */,
				07D0AD0217A1B92900C1AE3F /* TMBCloudMine.m */,
				07D0AD0317A1B92900C1AE3F /* TMBConstantContact.h */,
				07D0AD0417A1B92900C1AE3F /* TMBConstantContact.m */,
				07D0AD0517A1B92900C1AE3F /* TMBCorpWatch.h */,
				07D0AD0617A1B92900C1AE3F /* TMBCorpWatch.m */,
				07D0AD0717A1B92900C1AE3F /* TMBDailyMed.h */,
				07D0AD0817A1B92900C1AE3F /* TMBDailyMed.m */,
				07D0AD0917A1B92900C1AE3F /* TMBDataGov.h */,
				07D0AD0A17A1B92900C1AE3F /* TMBDataGov.m */,
				07D0AD0B17A1B92900C1AE3F /* TMBDelicious.h */,
				07D0AD0C17A1B92900C1AE3F /* TMBDelicious.m */,
				07D0AD0D17A1B92900C1AE3F /* TMBDeptOfEducation.h */,
				07D0AD0E17A1B92900C1AE3F /* TMBDeptOfEducation.m */,
				07D0AD0F17A1B92900C1AE3F /* TMBDisqus.h */,
				07D0AD1017A1B92900C1AE3F /* TMBDisqus.m */,
				07D0AD1117A1B92900C1AE3F /* TMBDonorsChoose.h */,
				07D0AD1217A1B92900C1AE3F /* TMBDonorsChoose.m */,
				07D0AD1317A1B92900C1AE3F /* TMBDropbox.h */,
				07D0AD1417A1B92900C1AE3F /* TMBDropbox.m */,
				07D0AD1517A1B92900C1AE3F /* TMBDuckDuckGo.h */,
				07D0AD1617A1B92900C1AE3F /* TMBDuckDuckGo.m */,
				07D0AD1717A1B92900C1AE3F /* TMBDwolla.h */,
				07D0AD1817A1B92900C1AE3F /* TMBDwolla.m */,
				07D0AD1917A1B92900C1AE3F /* TMBEnviroFacts.h */,
				07D0AD1A17A1B92900C1AE3F /* TMBEnviroFacts.m */,
				07D0AD1B17A1B92900C1AE3F /* TMBFacebook.h */,
				07D0AD1C17A1B92900C1AE3F /* TMBFacebook.m */,
				07D0AD1D17A1B92900C1AE3F /* TMBFactual.h */,
				07D0AD1E17A1B92900C1AE3F /* TMBFactual.m */,
				07D0AD1F17A1B92900C1AE3F /* TMBFedEx.h */,
				07D0AD2017A1B92900C1AE3F /* TMBFedEx.m */,
				07D0AD2117A1B92900C1AE3F /* TMBFedSpending.h */,
				07D0AD2217A1B92900C1AE3F /* TMBFedSpending.m */,
				07D0AD2317A1B92900C1AE3F /* TMBFilesAnywhere.h */,
				07D0AD2417A1B92900C1AE3F /* TMBFilesAnywhere.m */,
				07D0AD2517A1B92900C1AE3F /* TMBFitbit.h */,
				07D0AD2617A1B92900C1AE3F /* TMBFitbit.m */,
				07D0AD2717A1B92900C1AE3F /* TMBFlickr.h */,
				07D0AD2817A1B92900C1AE3F /* TMBFlickr.m */,
				07D0AD2917A1B92900C1AE3F /* TMBFoursquare.h */,
				07D0AD2A17A1B92900C1AE3F /* TMBFoursquare.m */,
				07D0AD2B17A1B92900C1AE3F /* TMBFreebase.h */,
				07D0AD2C17A1B92900C1AE3F /* TMBFreebase.m */,
				07D0AD2D17A1B92900C1AE3F /* TMBGenability.h */,
				07D0AD2E17A1B92900C1AE3F /* TMBGenability.m */,
				07D0AD2F17A1B92900C1AE3F /* TMBGitHub.h */,
				07D0AD3017A1B92900C1AE3F /* TMBGitHub.m */,
				07D0AD3117A1B92900C1AE3F /* TMBGoodGuide.h */,
				07D0AD3217A1B92900C1AE3F /* TMBGoodGuide.m */,
				07D0AD3317A1B92900C1AE3F /* TMBGoogle.h */,
				07D0AD3417A1B92900C1AE3F /* TMBGoogle.m */,
				07D0AD3517A1B92900C1AE3F /* TMBGovTrack.h */,
				07D0AD3617A1B92900C1AE3F /* TMBGovTrack.m */,
				07D0AD3717A1B92900C1AE3F /* TMBInfluenceExplorer.h */,
				07D0AD3817A1B92900C1AE3F /* TMBInfluenceExplorer.m */,
				07D0AD3917A1B92900C1AE3F /* TMBInstagram.h */,
				07D0AD3A17A1B92900C1AE3F /* TMBInstagram.m */,
				07D0AD3B17A1B92900C1AE3F /* TMBInstapaper.h */,
				07D0AD3C17A1B92900C1AE3F /* TMBInstapaper.m */,
				07D0AD3D17A1B92900C1AE3F /* TMBKhanAcademy.h */,
				07D0AD3E17A1B92900C1AE3F /* TMBKhanAcademy.m */,
				07D0AD3F17A1B92900C1AE3F /* TMBKiva.h */,
				07D0AD4017A1B92900C1AE3F /* TMBKiva.m */,
				07D0AD4117A1B92900C1AE3F /* TMBKlout.h */,
				07D0AD4217A1B92900C1AE3F /* TMBKlout.m */,
				07D0AD4317A1B92900C1AE3F /* TMBLabs.h */,
				07D0AD4417A1B92900C1AE3F /* TMBLabs.m */,
				07D0AD4517A1B92900C1AE3F /* TMBLastFm.h */,
				07D0AD4617A1B92900C1AE3F /* TMBLastFm.m */,
				07D0AD4717A1B92900C1AE3F /* TMBLinkedIn.h */,
				07D0AD4817A1B92900C1AE3F /* TMBLinkedIn.m */,
				07D0AD4917A1B92900C1AE3F /* TMBLittleSis.h */,
				07D0AD4A17A1B92900C1AE3F /* TMBLittleSis.m */,
				07D0AD4B17A1B92900C1AE3F /* TMBMailChimp.h */,
				07D0AD4C17A1B92900C1AE3F /* TMBMailChimp.m */,
				07D0AD4D17A1B92900C1AE3F /* TMBMySQL.h */,
				07D0AD4E17A1B92900C1AE3F /* TMBMySQL.m */,
				07D0AD4F17A1B92900C1AE3F /* TMBNetflix.h */,
				07D0AD5017A1B92900C1AE3F /* TMBNetflix.m */,
				07D0AD5117A1B92900C1AE3F /* TMBNOAA.h */,
				07D0AD5217A1B92900C1AE3F /* TMBNOAA.m */,
				07D0AD5317A1B92900C1AE3F /* TMBNPR.h */,
				07D0AD5417A1B92900C1AE3F /* TMBNPR.m */,
				07D0AD5517A1B92900C1AE3F /* TMBNYTimes.h */,
				07D0AD5617A1B92900C1AE3F /* TMBNYTimes.m */,
				07D0AD5717A1B92900C1AE3F /* TMBObadMobileMarketing.h */,
				07D0AD5817A1B92900C1AE3F /* TMBObadMobileMarketing.m */,
				07D0AD5917A1B92900C1AE3F /* TMBOneLogin.h */,
				07D0AD5A17A1B92900C1AE3F /* TMBOneLogin.m */,
				07D0AD5B17A1B92900C1AE3F /* TMBParse.h */,
				07D0AD5C17A1B92900C1AE3F /* TMBParse.m */,
				07D0AD5D17A1B92900C1AE3F /* TMBPatch.h */,
				07D0AD5E17A1B92900C1AE3F /* TMBPatch.m */,
				07D0AD5F17A1B92900C1AE3F /* TMBPayPal.h */,
				07D0AD6017A1B92900C1AE3F /* TMBPayPal.m */,
				07D0AD6117A1B92900C1AE3F /* TMBPostgreSQL.h */,
				07D0AD6217A1B92900C1AE3F /* TMBPostgreSQL.m */,
				07D0AD6317A1B92900C1AE3F /* TMBRapidShare.h */,
				07D0AD6417A1B92900C1AE3F /* TMBRapidShare.m */,
				07D0AD6517A1B92900C1AE3F /* TMBRightScale.h */,
				07D0AD6617A1B92900C1AE3F /* TMBRightScale.m */,
				07D0AD6717A1B92900C1AE3F /* TMBRunKeeper.h */,
				07D0AD6817A1B92900C1AE3F /* TMBRunKeeper.m */,
				07D0AD6917A1B92900C1AE3F /* TMBSalesforce.h */,
				07D0AD6A17A1B92900C1AE3F /* TMBSalesforce.m */,
				07D0AD6B17A1B92900C1AE3F /* TMBSchoolFinder.h */,
				07D0AD6C17A1B92900C1AE3F /* TMBSchoolFinder.m */,
				07D0AD6D17A1B92900C1AE3F /* TMBSendGrid.h */,
				07D0AD6E17A1B92900C1AE3F /* TMBSendGrid.m */,
				07D0AD6F17A1B92900C1AE3F /* TMBSocrata.h */,
				07D0AD7017A1B92900C1AE3F /* TMBSocrata.m */,
				07D0AD7117A1B92900C1AE3F /* TMBStripe.h */,
				07D0AD7217A1B92900C1AE3F /* TMBStripe.m */,
				07D0AD7317A1B92900C1AE3F /* TMBSunlightLabs.h */,
				07D0AD7417A1B92900C1AE3F /* TMBSunlightLabs.m */,
				07D0AD7517A1B92900C1AE3F /* TMBTumblr.h */,
				07D0AD7617A1B92900C1AE3F /* TMBTumblr.m */,
				07D0AD7717A1B92900C1AE3F /* TMBTwilio.h */,
				07D0AD7817A1B92900C1AE3F /* TMBTwilio.m */,
				07D0AD7917A1B92900C1AE3F /* TMBTwitter.h */,
				07D0AD7A17A1B92900C1AE3F /* TMBTwitter.m */,
				07D0AD7B17A1B92900C1AE3F /* TMBUnlockPlaces.h */,
				07D0AD7C17A1B92900C1AE3F /* TMBUnlockPlaces.m */,
				07D0AD7D17A1B92900C1AE3F /* TMBUSPS.h */,
				07D0AD7E17A1B92900C1AE3F /* TMBUSPS.m */,
				07D0AD7F17A1B92900C1AE3F /* TMBUtilities.h */,
				07D0AD8017A1B92900C1AE3F /* TMBUtilities.m */,
				07D0AD8117A1B92900C1AE3F /* TMBWordnik.h */,
				07D0AD8217A1B92900C1AE3F /* TMBWordnik.m */,
				07D0AD8317A1B92900C1AE3F /* TMBXively.h */,
				07D0AD8417A1B92900C1AE3F /* TMBXively.m */,
				07D0AD8517A1B92900C1AE3F /* TMBYahoo.h */,
				07D0AD8617A1B92900C1AE3F /* TMBYahoo.m */,
				07D0AD8717A1B92900C1AE3F /* TMBYelp.h */,
				07D0AD8817A1B92900C1AE3F /* TMBYelp.m */,
				07D0AD8917A1B92900C1AE3F /* TMBYouTube.h */,
				07D0AD8A17A1B92900C1AE3F /* TMBYouTube.m */,
				07D0AD8B17A1B92900C1AE3F /* TMBZendesk.h */,
				07D0AD8C17A1B92900C1AE3F /* TMBZendesk.m */,
				07D0AD8D17A1B92900C1AE3F /* TMBZillow.h */,
				07D0AD8E17A1B92900C1AE3F /* TMBZillow.m */,
				07D0AD8F17A1B92900C1AE3F /* TMBZoho.h */,
				07D0AD9017A1B92900C1AE3F /* TMBZoho.m */,
			);
			path = library;
			sourceTree = "<group>";
		};
		080E96DDFE201D6D7F000001 /* Classes */ = {
			isa = PBXGroup;
			children = (
				1D3623240D0F684500981E51 /* ExampleApplicationAppDelegate.h */,
				1D3623250D0F684500981E51 /* ExampleApplicationAppDelegate.m */,
				28216C950DB411BC00E5133A /* NYTimesReviewSearchVC.h */,
				28216C960DB411BC00E5133A /* NYTimesReviewSearchVC.m */,
				B310E20A169E3FCB00864D3A /* YouTubeSearchTableVC.h */,
				B310E20B169E3FCB00864D3A /* YouTubeSearchTableVC.m */,
			);
			path = Classes;
			sourceTree = "<group>";
		};
		19C28FACFE9D520D11CA2CBB /* Products */ = {
			isa = PBXGroup;
			children = (
				B3E235A016B1BDE000E2DDC9 /* ExampleApplication.app */,
			);
			name = Products;
			sourceTree = "<group>";
		};
		29B97314FDCFA39411CA2CEA /* ExampleApplication */ = {
			isa = PBXGroup;
			children = (
				07D0ACD517A1B92900C1AE3F /* src */,
				080E96DDFE201D6D7F000001 /* Classes */,
				B3E2359716B1BD4600E2DDC9 /* Other Sources */,
				29B97317FDCFA39411CA2CEA /* Resources */,
				29B97323FDCFA39411CA2CEA /* Frameworks */,
				19C28FACFE9D520D11CA2CBB /* Products */,
			);
			name = ExampleApplication;
			sourceTree = "<group>";
		};
		29B97317FDCFA39411CA2CEA /* Resources */ = {
			isa = PBXGroup;
			children = (
				28AD73870D9D96C1002E5188 /* MainWindow.xib */,
				2840D7CD1179279E00D7F93C /* NYTimesReviewSearchVC.xib */,
				B310E2AF169E587500864D3A /* YouTubeSearchTableVC.xib */,
				8D1107310486CEB800E47090 /* ExampleApplication-Info.plist */,
			);
			name = Resources;
			sourceTree = "<group>";
		};
		29B97323FDCFA39411CA2CEA /* Frameworks */ = {
			isa = PBXGroup;
			children = (
				1DF5F4DF0D08C38300B7A737 /* UIKit.framework */,
				1D30AB110D05D00D00671497 /* Foundation.framework */,
				288765070DF74369002DB57D /* CoreGraphics.framework */,
			);
			name = Frameworks;
			sourceTree = "<group>";
		};
		B3E2359716B1BD4600E2DDC9 /* Other Sources */ = {
			isa = PBXGroup;
			children = (
				B3E235A216B1BE6600E2DDC9 /* ExampleApplication_Prefix.pch */,
				B388AEB416A5D2FA00144222 /* main.m */,
			);
			name = "Other Sources";
			sourceTree = "<group>";
		};
/* End PBXGroup section */

/* Begin PBXNativeTarget section */
		1D6058900D05DD3D006BFB54 /* ExampleApplication */ = {
			isa = PBXNativeTarget;
			buildConfigurationList = 1D6058960D05DD3E006BFB54 /* Build configuration list for PBXNativeTarget "ExampleApplication" */;
			buildPhases = (
				1D60588D0D05DD3D006BFB54 /* Resources */,
				1D60588E0D05DD3D006BFB54 /* Sources */,
				1D60588F0D05DD3D006BFB54 /* Frameworks */,
			);
			buildRules = (
			);
			dependencies = (
			);
			name = ExampleApplication;
			productName = ExampleApplication;
			productReference = B3E235A016B1BDE000E2DDC9 /* ExampleApplication.app */;
			productType = "com.apple.product-type.application";
		};
/* End PBXNativeTarget section */

/* Begin PBXProject section */
		29B97313FDCFA39411CA2CEA /* Project object */ = {
			isa = PBXProject;
			buildConfigurationList = C01FCF4E08A954540054247B /* Build configuration list for PBXProject "ExampleApplication" */;
			compatibilityVersion = "Xcode 3.2";
			developmentRegion = English;
			hasScannedForEncodings = 1;
			knownRegions = (
				English,
				Japanese,
				French,
				German,
			);
			mainGroup = 29B97314FDCFA39411CA2CEA /* ExampleApplication */;
			projectDirPath = "";
			projectRoot = "";
			targets = (
				1D6058900D05DD3D006BFB54 /* ExampleApplication */,
			);
		};
/* End PBXProject section */

/* Begin PBXResourcesBuildPhase section */
		1D60588D0D05DD3D006BFB54 /* Resources */ = {
			isa = PBXResourcesBuildPhase;
			buildActionMask = 2147483647;
			files = (
				28AD73880D9D96C1002E5188 /* MainWindow.xib in Resources */,
				2840D7CE1179279E00D7F93C /* NYTimesReviewSearchVC.xib in Resources */,
				B310E2B0169E587500864D3A /* YouTubeSearchTableVC.xib in Resources */,
			);
			runOnlyForDeploymentPostprocessing = 0;
		};
/* End PBXResourcesBuildPhase section */

/* Begin PBXSourcesBuildPhase section */
		1D60588E0D05DD3D006BFB54 /* Sources */ = {
			isa = PBXSourcesBuildPhase;
			buildActionMask = 2147483647;
			files = (
				1D3623260D0F684500981E51 /* ExampleApplicationAppDelegate.m in Sources */,
				28216C970DB411BC00E5133A /* NYTimesReviewSearchVC.m in Sources */,
				B310E20C169E3FCB00864D3A /* YouTubeSearchTableVC.m in Sources */,
				B388AEB516A5D2FA00144222 /* main.m in Sources */,
				07D0AD9117A1B92900C1AE3F /* JSONKit.m in Sources */,
				07D0AD9217A1B92900C1AE3F /* NSData+Base64.m in Sources */,
				07D0AD9317A1B92900C1AE3F /* NSString+Base64.m in Sources */,
				07D0AD9417A1B92900C1AE3F /* TMBChoreography.m in Sources */,
				07D0AD9517A1B92900C1AE3F /* TMBChoreographyExecution.m in Sources */,
				07D0AD9617A1B92900C1AE3F /* TMBException.m in Sources */,
				07D0AD9717A1B92900C1AE3F /* TMBTembooResource.m in Sources */,
				07D0AD9817A1B92900C1AE3F /* TMBTembooSession.m in Sources */,
				07D0AD9917A1B92900C1AE3F /* TMBTembooUri.m in Sources */,
				07D0AD9A17A1B92900C1AE3F /* TMBUtil.m in Sources */,
				07D0AD9B17A1B92900C1AE3F /* TMB23andMe.m in Sources */,
				07D0AD9C17A1B92900C1AE3F /* TMB37Signals.m in Sources */,
				07D0AD9D17A1B92900C1AE3F /* TMBAdMob.m in Sources */,
				07D0AD9E17A1B92900C1AE3F /* TMBAmazon.m in Sources */,
				07D0AD9F17A1B92900C1AE3F /* TMBAuthorizeNet.m in Sources */,
				07D0ADA017A1B92900C1AE3F /* TMBBitly.m in Sources */,
				07D0ADA117A1B92900C1AE3F /* TMBBox.m in Sources */,
				07D0ADA217A1B92900C1AE3F /* TMBBrighterPlanet.m in Sources */,
				07D0ADA317A1B92900C1AE3F /* TMBBugzilla.m in Sources */,
				07D0ADA417A1B92900C1AE3F /* TMBClicky.m in Sources */,
				07D0ADA517A1B92900C1AE3F /* TMBCloudMine.m in Sources */,
				07D0ADA617A1B92900C1AE3F /* TMBConstantContact.m in Sources */,
				07D0ADA717A1B92900C1AE3F /* TMBCorpWatch.m in Sources */,
				07D0ADA817A1B92900C1AE3F /* TMBDailyMed.m in Sources */,
				07D0ADA917A1B92900C1AE3F /* TMBDataGov.m in Sources */,
				07D0ADAA17A1B92900C1AE3F /* TMBDelicious.m in Sources */,
				07D0ADAB17A1B92900C1AE3F /* TMBDeptOfEducation.m in Sources */,
				07D0ADAC17A1B92900C1AE3F /* TMBDisqus.m in Sources */,
				07D0ADAD17A1B92900C1AE3F /* TMBDonorsChoose.m in Sources */,
				07D0ADAE17A1B92900C1AE3F /* TMBDropbox.m in Sources */,
				07D0ADAF17A1B92900C1AE3F /* TMBDuckDuckGo.m in Sources */,
				07D0ADB017A1B92900C1AE3F /* TMBDwolla.m in Sources */,
				07D0ADB117A1B92900C1AE3F /* TMBEnviroFacts.m in Sources */,
				07D0ADB217A1B92900C1AE3F /* TMBFacebook.m in Sources */,
				07D0ADB317A1B92900C1AE3F /* TMBFactual.m in Sources */,
				07D0ADB417A1B92900C1AE3F /* TMBFedEx.m in Sources */,
				07D0ADB517A1B92900C1AE3F /* TMBFedSpending.m in Sources */,
				07D0ADB617A1B92900C1AE3F /* TMBFilesAnywhere.m in Sources */,
				07D0ADB717A1B92900C1AE3F /* TMBFitbit.m in Sources */,
				07D0ADB817A1B92900C1AE3F /* TMBFlickr.m in Sources */,
				07D0ADB917A1B92900C1AE3F /* TMBFoursquare.m in Sources */,
				07D0ADBA17A1B92900C1AE3F /* TMBFreebase.m in Sources */,
				07D0ADBB17A1B92900C1AE3F /* TMBGenability.m in Sources */,
				07D0ADBC17A1B92900C1AE3F /* TMBGitHub.m in Sources */,
				07D0ADBD17A1B92900C1AE3F /* TMBGoodGuide.m in Sources */,
				07D0ADBE17A1B92900C1AE3F /* TMBGoogle.m in Sources */,
				07D0ADBF17A1B92900C1AE3F /* TMBGovTrack.m in Sources */,
				07D0ADC017A1B92900C1AE3F /* TMBInfluenceExplorer.m in Sources */,
				07D0ADC117A1B92900C1AE3F /* TMBInstagram.m in Sources */,
				07D0ADC217A1B92900C1AE3F /* TMBInstapaper.m in Sources */,
				07D0ADC317A1B92900C1AE3F /* TMBKhanAcademy.m in Sources */,
				07D0ADC417A1B92900C1AE3F /* TMBKiva.m in Sources */,
				07D0ADC517A1B92900C1AE3F /* TMBKlout.m in Sources */,
				07D0ADC617A1B92900C1AE3F /* TMBLabs.m in Sources */,
				07D0ADC717A1B92900C1AE3F /* TMBLastFm.m in Sources */,
				07D0ADC817A1B92900C1AE3F /* TMBLinkedIn.m in Sources */,
				07D0ADC917A1B92900C1AE3F /* TMBLittleSis.m in Sources */,
				07D0ADCA17A1B92900C1AE3F /* TMBMailChimp.m in Sources */,
				07D0ADCB17A1B92900C1AE3F /* TMBMySQL.m in Sources */,
				07D0ADCC17A1B92900C1AE3F /* TMBNetflix.m in Sources */,
				07D0ADCD17A1B92900C1AE3F /* TMBNOAA.m in Sources */,
				07D0ADCE17A1B92900C1AE3F /* TMBNPR.m in Sources */,
				07D0ADCF17A1B92900C1AE3F /* TMBNYTimes.m in Sources */,
				07D0ADD017A1B92900C1AE3F /* TMBObadMobileMarketing.m in Sources */,
				07D0ADD117A1B92900C1AE3F /* TMBOneLogin.m in Sources */,
				07D0ADD217A1B92900C1AE3F /* TMBParse.m in Sources */,
				07D0ADD317A1B92900C1AE3F /* TMBPatch.m in Sources */,
				07D0ADD417A1B92900C1AE3F /* TMBPayPal.m in Sources */,
				07D0ADD517A1B92900C1AE3F /* TMBPostgreSQL.m in Sources */,
				07D0ADD617A1B92900C1AE3F /* TMBRapidShare.m in Sources */,
				07D0ADD717A1B92900C1AE3F /* TMBRightScale.m in Sources */,
				07D0ADD817A1B92900C1AE3F /* TMBRunKeeper.m in Sources */,
				07D0ADD917A1B92900C1AE3F /* TMBSalesforce.m in Sources */,
				07D0ADDA17A1B92900C1AE3F /* TMBSchoolFinder.m in Sources */,
				07D0ADDB17A1B92900C1AE3F /* TMBSendGrid.m in Sources */,
				07D0ADDC17A1B92900C1AE3F /* TMBSocrata.m in Sources */,
				07D0ADDD17A1B92900C1AE3F /* TMBStripe.m in Sources */,
				07D0ADDE17A1B92900C1AE3F /* TMBSunlightLabs.m in Sources */,
				07D0ADDF17A1B92900C1AE3F /* TMBTumblr.m in Sources */,
				07D0ADE017A1B92900C1AE3F /* TMBTwilio.m in Sources */,
				07D0ADE117A1B92900C1AE3F /* TMBTwitter.m in Sources */,
				07D0ADE217A1B92900C1AE3F /* TMBUnlockPlaces.m in Sources */,
				07D0ADE317A1B92900C1AE3F /* TMBUSPS.m in Sources */,
				07D0ADE417A1B92900C1AE3F /* TMBUtilities.m in Sources */,
				07D0ADE517A1B92900C1AE3F /* TMBWordnik.m in Sources */,
				07D0ADE617A1B92900C1AE3F /* TMBXively.m in Sources */,
				07D0ADE717A1B92900C1AE3F /* TMBYahoo.m in Sources */,
				07D0ADE817A1B92900C1AE3F /* TMBYelp.m in Sources */,
				07D0ADE917A1B92900C1AE3F /* TMBYouTube.m in Sources */,
				07D0ADEA17A1B92900C1AE3F /* TMBZendesk.m in Sources */,
				07D0ADEB17A1B92900C1AE3F /* TMBZillow.m in Sources */,
				07D0ADEC17A1B92900C1AE3F /* TMBZoho.m in Sources */,
			);
			runOnlyForDeploymentPostprocessing = 0;
		};
/* End PBXSourcesBuildPhase section */

/* Begin XCBuildConfiguration section */
		1D6058940D05DD3E006BFB54 /* Debug */ = {
			isa = XCBuildConfiguration;
			buildSettings = {
				ALWAYS_SEARCH_USER_PATHS = NO;
				COPY_PHASE_STRIP = NO;
				GCC_DYNAMIC_NO_PIC = NO;
				GCC_OPTIMIZATION_LEVEL = 0;
				GCC_PRECOMPILE_PREFIX_HEADER = YES;
				GCC_PREFIX_HEADER = ExampleApplication_Prefix.pch;
				INFOPLIST_FILE = "ExampleApplication-Info.plist";
				IPHONEOS_DEPLOYMENT_TARGET = 6.0;
				LIBRARY_SEARCH_PATHS = (
					"$(inherited)",
					"\"$(SRCROOT)/../ios-sdk-src/build/Debug-iphonesimulator\"",
					"\"$(SRCROOT)\"",
					"\"$(SRCROOT)/../../build/Debug-iphonesimulator\"",
				);
				OTHER_LDFLAGS = "-all_load";
				PRODUCT_NAME = ExampleApplication;
			};
			name = Debug;
		};
		1D6058950D05DD3E006BFB54 /* Release */ = {
			isa = XCBuildConfiguration;
			buildSettings = {
				ALWAYS_SEARCH_USER_PATHS = NO;
				COPY_PHASE_STRIP = YES;
				GCC_PRECOMPILE_PREFIX_HEADER = YES;
				GCC_PREFIX_HEADER = ExampleApplication_Prefix.pch;
				INFOPLIST_FILE = "ExampleApplication-Info.plist";
				IPHONEOS_DEPLOYMENT_TARGET = 6.0;
				LIBRARY_SEARCH_PATHS = (
					"$(inherited)",
					"\"$(SRCROOT)/../ios-sdk-src/build/Debug-iphonesimulator\"",
					"\"$(SRCROOT)\"",
					"\"$(SRCROOT)/../../build/Debug-iphonesimulator\"",
				);
				OTHER_LDFLAGS = "-all_load";
				PRODUCT_NAME = ExampleApplication;
				VALIDATE_PRODUCT = YES;
			};
			name = Release;
		};
		C01FCF4F08A954540054247B /* Debug */ = {
			isa = XCBuildConfiguration;
			buildSettings = {
				ARCHS = "$(ARCHS_STANDARD_32_BIT)";
				"CODE_SIGN_IDENTITY[sdk=iphoneos*]" = "iPhone Developer";
				GCC_C_LANGUAGE_STANDARD = c99;
				GCC_WARN_ABOUT_RETURN_TYPE = YES;
				GCC_WARN_UNUSED_VARIABLE = YES;
				PREBINDING = NO;
				SDKROOT = iphoneos;
			};
			name = Debug;
		};
		C01FCF5008A954540054247B /* Release */ = {
			isa = XCBuildConfiguration;
			buildSettings = {
				ARCHS = "$(ARCHS_STANDARD_32_BIT)";
				"CODE_SIGN_IDENTITY[sdk=iphoneos*]" = "iPhone Developer";
				GCC_C_LANGUAGE_STANDARD = c99;
				GCC_WARN_ABOUT_RETURN_TYPE = YES;
				GCC_WARN_UNUSED_VARIABLE = YES;
				OTHER_CFLAGS = "-DNS_BLOCK_ASSERTIONS=1";
				PREBINDING = NO;
				SDKROOT = iphoneos;
			};
			name = Release;
		};
/* End XCBuildConfiguration section */

/* Begin XCConfigurationList section */
		1D6058960D05DD3E006BFB54 /* Build configuration list for PBXNativeTarget "ExampleApplication" */ = {
			isa = XCConfigurationList;
			buildConfigurations = (
				1D6058940D05DD3E006BFB54 /* Debug */,
				1D6058950D05DD3E006BFB54 /* Release */,
			);
			defaultConfigurationIsVisible = 0;
			defaultConfigurationName = Release;
		};
		C01FCF4E08A954540054247B /* Build configuration list for PBXProject "ExampleApplication" */ = {
			isa = XCConfigurationList;
			buildConfigurations = (
				C01FCF4F08A954540054247B /* Debug */,
				C01FCF5008A954540054247B /* Release */,
			);
			defaultConfigurationIsVisible = 0;
			defaultConfigurationName = Release;
		};
/* End XCConfigurationList section */
	};
	rootObject = 29B97313FDCFA39411CA2CEA /* Project object */;
}
